// !$*UTF8*$!
{
	archiveVersion = 1;
	classes = {
	};
	objectVersion = 77;
	objects = {

/* Begin PBXBuildFile section */
		676408602D8078CB008BBFAC /* DictionaryBasedField.swift in Sources */ = {isa = PBXBuildFile; fileRef = 6764085F2D8078CB008BBFAC /* DictionaryBasedField.swift */; };
		676408642D807D31008BBFAC /* UndefinedElement.swift in Sources */ = {isa = PBXBuildFile; fileRef = 676408632D807D31008BBFAC /* UndefinedElement.swift */; };
		676408682D80CEB5008BBFAC /* PathsGraphArea.swift in Sources */ = {isa = PBXBuildFile; fileRef = 676408672D80CEB5008BBFAC /* PathsGraphArea.swift */; };
		676408742D8115D4008BBFAC /* SuperpositionRestriction.swift in Sources */ = {isa = PBXBuildFile; fileRef = 676408732D8115D4008BBFAC /* SuperpositionRestriction.swift */; };
		67C507352D7FA81F00CD0B83 /* SuperpositionsProvider.swift in Sources */ = {isa = PBXBuildFile; fileRef = 67C507332D7FA81F00CD0B83 /* SuperpositionsProvider.swift */; };
		67C507362D7FA81F00CD0B83 /* CornerPath.swift in Sources */ = {isa = PBXBuildFile; fileRef = 67C507102D7FA81F00CD0B83 /* CornerPath.swift */; };
		67C507372D7FA81F00CD0B83 /* NodeSuperposition.swift in Sources */ = {isa = PBXBuildFile; fileRef = 67C507312D7FA81F00CD0B83 /* NodeSuperposition.swift */; };
		67C507392D7FA81F00CD0B83 /* EdgeBasedElement.swift in Sources */ = {isa = PBXBuildFile; fileRef = 67C507162D7FA81F00CD0B83 /* EdgeBasedElement.swift */; };
		67C5073A2D7FA81F00CD0B83 /* Solid.swift in Sources */ = {isa = PBXBuildFile; fileRef = 67C507132D7FA81F00CD0B83 /* Solid.swift */; };
		67C5073B2D7FA81F00CD0B83 /* SquareFieldPrinter.swift in Sources */ = {isa = PBXBuildFile; fileRef = 67C5072C2D7FA81F00CD0B83 /* SquareFieldPrinter.swift */; };
		67C5073C2D7FA81F00CD0B83 /* LabyrinthElement.swift in Sources */ = {isa = PBXBuildFile; fileRef = 67C507172D7FA81F00CD0B83 /* LabyrinthElement.swift */; };
		67C5073D2D7FA81F00CD0B83 /* Deadend.swift in Sources */ = {isa = PBXBuildFile; fileRef = 67C507112D7FA81F00CD0B83 /* Deadend.swift */; };
		67C5073E2D7FA81F00CD0B83 /* PathsGraph.swift in Sources */ = {isa = PBXBuildFile; fileRef = 67C5071D2D7FA81F00CD0B83 /* PathsGraph.swift */; };
		67C5073F2D7FA81F00CD0B83 /* Topology.swift in Sources */ = {isa = PBXBuildFile; fileRef = 67C5072A2D7FA81F00CD0B83 /* Topology.swift */; };
		67C507402D7FA81F00CD0B83 /* PathsGraphEdge.swift in Sources */ = {isa = PBXBuildFile; fileRef = 67C5071E2D7FA81F00CD0B83 /* PathsGraphEdge.swift */; };
		67C507412D7FA81F00CD0B83 /* Collection+Extensions.swift in Sources */ = {isa = PBXBuildFile; fileRef = 67C5071A2D7FA81F00CD0B83 /* Collection+Extensions.swift */; };
		67C507422D7FA81F00CD0B83 /* NodeRestriction.swift in Sources */ = {isa = PBXBuildFile; fileRef = 67C507222D7FA81F00CD0B83 /* NodeRestriction.swift */; };
		67C507432D7FA81F00CD0B83 /* SquareTopology.swift in Sources */ = {isa = PBXBuildFile; fileRef = 67C507272D7FA81F00CD0B83 /* SquareTopology.swift */; };
		67C507442D7FA81F00CD0B83 /* Field.swift in Sources */ = {isa = PBXBuildFile; fileRef = 67C507292D7FA81F00CD0B83 /* Field.swift */; };
		67C507452D7FA81F00CD0B83 /* StraightPath.swift in Sources */ = {isa = PBXBuildFile; fileRef = 67C507142D7FA81F00CD0B83 /* StraightPath.swift */; };
		67C507462D7FA81F00CD0B83 /* SquareEdge.swift in Sources */ = {isa = PBXBuildFile; fileRef = 67C507242D7FA81F00CD0B83 /* SquareEdge.swift */; };
		67C507472D7FA81F00CD0B83 /* Junction.swift in Sources */ = {isa = PBXBuildFile; fileRef = 67C507122D7FA81F00CD0B83 /* Junction.swift */; };
		67C507482D7FA81F00CD0B83 /* Dictionary+Extensions.swift in Sources */ = {isa = PBXBuildFile; fileRef = 67C5071B2D7FA81F00CD0B83 /* Dictionary+Extensions.swift */; };
		67C507492D7FA81F00CD0B83 /* SLLabyrinthGenerator.swift in Sources */ = {isa = PBXBuildFile; fileRef = 67C507322D7FA81F00CD0B83 /* SLLabyrinthGenerator.swift */; };
		67C5074A2D7FA81F00CD0B83 /* ElementSuperposition.swift in Sources */ = {isa = PBXBuildFile; fileRef = 67C5072E2D7FA81F00CD0B83 /* ElementSuperposition.swift */; };
		67C5074B2D7FA81F00CD0B83 /* FieldAnalyzer.swift in Sources */ = {isa = PBXBuildFile; fileRef = 67C5072F2D7FA81F00CD0B83 /* FieldAnalyzer.swift */; };
		67C5074C2D7FA81F00CD0B83 /* SquarePoint.swift in Sources */ = {isa = PBXBuildFile; fileRef = 67C507262D7FA81F00CD0B83 /* SquarePoint.swift */; };
		67C5074D2D7FA81F00CD0B83 /* SquareField.swift in Sources */ = {isa = PBXBuildFile; fileRef = 67C507252D7FA81F00CD0B83 /* SquareField.swift */; };
		67C5074E2D7FA81F00CD0B83 /* PathsGraphVertex.swift in Sources */ = {isa = PBXBuildFile; fileRef = 67C5071F2D7FA81F00CD0B83 /* PathsGraphVertex.swift */; };
		67C5074F2D7FA81F00CD0B83 /* Array+Extensions.swift in Sources */ = {isa = PBXBuildFile; fileRef = 67C507192D7FA81F00CD0B83 /* Array+Extensions.swift */; };
		67C507502D7FA81F00CD0B83 /* ElementRestirction.swift in Sources */ = {isa = PBXBuildFile; fileRef = 67C507212D7FA81F00CD0B83 /* ElementRestirction.swift */; };
/* End PBXBuildFile section */

/* Begin PBXContainerItemProxy section */
		6754B54A2D7A91DD0023C62F /* PBXContainerItemProxy */ = {
			isa = PBXContainerItemProxy;
			containerPortal = 6754B5302D7A91DA0023C62F /* Project object */;
			proxyType = 1;
			remoteGlobalIDString = 6754B5372D7A91DA0023C62F;
			remoteInfo = SLLabyrinthIOS;
		};
		6754B5542D7A91DD0023C62F /* PBXContainerItemProxy */ = {
			isa = PBXContainerItemProxy;
			containerPortal = 6754B5302D7A91DA0023C62F /* Project object */;
			proxyType = 1;
			remoteGlobalIDString = 6754B5372D7A91DA0023C62F;
			remoteInfo = SLLabyrinthIOS;
		};
/* End PBXContainerItemProxy section */

/* Begin PBXFileReference section */
		6754B5382D7A91DA0023C62F /* SLLabyrinthIOS.app */ = {isa = PBXFileReference; explicitFileType = wrapper.application; includeInIndex = 0; path = SLLabyrinthIOS.app; sourceTree = BUILT_PRODUCTS_DIR; };
		6754B5492D7A91DD0023C62F /* SLLabyrinthIOSTests.xctest */ = {isa = PBXFileReference; explicitFileType = wrapper.cfbundle; includeInIndex = 0; path = SLLabyrinthIOSTests.xctest; sourceTree = BUILT_PRODUCTS_DIR; };
		6754B5532D7A91DD0023C62F /* SLLabyrinthIOSUITests.xctest */ = {isa = PBXFileReference; explicitFileType = wrapper.cfbundle; includeInIndex = 0; path = SLLabyrinthIOSUITests.xctest; sourceTree = BUILT_PRODUCTS_DIR; };
		6764085F2D8078CB008BBFAC /* DictionaryBasedField.swift */ = {isa = PBXFileReference; lastKnownFileType = sourcecode.swift; path = DictionaryBasedField.swift; sourceTree = "<group>"; };
		676408632D807D31008BBFAC /* UndefinedElement.swift */ = {isa = PBXFileReference; lastKnownFileType = sourcecode.swift; path = UndefinedElement.swift; sourceTree = "<group>"; };
		676408672D80CEB5008BBFAC /* PathsGraphArea.swift */ = {isa = PBXFileReference; lastKnownFileType = sourcecode.swift; path = PathsGraphArea.swift; sourceTree = "<group>"; };
		676408732D8115D4008BBFAC /* SuperpositionRestriction.swift */ = {isa = PBXFileReference; lastKnownFileType = sourcecode.swift; path = SuperpositionRestriction.swift; sourceTree = "<group>"; };
		67C507102D7FA81F00CD0B83 /* CornerPath.swift */ = {isa = PBXFileReference; lastKnownFileType = sourcecode.swift; path = CornerPath.swift; sourceTree = "<group>"; };
		67C507112D7FA81F00CD0B83 /* Deadend.swift */ = {isa = PBXFileReference; lastKnownFileType = sourcecode.swift; path = Deadend.swift; sourceTree = "<group>"; };
		67C507122D7FA81F00CD0B83 /* Junction.swift */ = {isa = PBXFileReference; lastKnownFileType = sourcecode.swift; path = Junction.swift; sourceTree = "<group>"; };
		67C507132D7FA81F00CD0B83 /* Solid.swift */ = {isa = PBXFileReference; lastKnownFileType = sourcecode.swift; path = Solid.swift; sourceTree = "<group>"; };
		67C507142D7FA81F00CD0B83 /* StraightPath.swift */ = {isa = PBXFileReference; lastKnownFileType = sourcecode.swift; path = StraightPath.swift; sourceTree = "<group>"; };
		67C507162D7FA81F00CD0B83 /* EdgeBasedElement.swift */ = {isa = PBXFileReference; lastKnownFileType = sourcecode.swift; path = EdgeBasedElement.swift; sourceTree = "<group>"; };
		67C507172D7FA81F00CD0B83 /* LabyrinthElement.swift */ = {isa = PBXFileReference; lastKnownFileType = sourcecode.swift; path = LabyrinthElement.swift; sourceTree = "<group>"; };
		67C507192D7FA81F00CD0B83 /* Array+Extensions.swift */ = {isa = PBXFileReference; lastKnownFileType = sourcecode.swift; path = "Array+Extensions.swift"; sourceTree = "<group>"; };
		67C5071A2D7FA81F00CD0B83 /* Collection+Extensions.swift */ = {isa = PBXFileReference; lastKnownFileType = sourcecode.swift; path = "Collection+Extensions.swift"; sourceTree = "<group>"; };
		67C5071B2D7FA81F00CD0B83 /* Dictionary+Extensions.swift */ = {isa = PBXFileReference; lastKnownFileType = sourcecode.swift; path = "Dictionary+Extensions.swift"; sourceTree = "<group>"; };
		67C5071D2D7FA81F00CD0B83 /* PathsGraph.swift */ = {isa = PBXFileReference; lastKnownFileType = sourcecode.swift; path = PathsGraph.swift; sourceTree = "<group>"; };
		67C5071E2D7FA81F00CD0B83 /* PathsGraphEdge.swift */ = {isa = PBXFileReference; lastKnownFileType = sourcecode.swift; path = PathsGraphEdge.swift; sourceTree = "<group>"; };
		67C5071F2D7FA81F00CD0B83 /* PathsGraphVertex.swift */ = {isa = PBXFileReference; lastKnownFileType = sourcecode.swift; path = PathsGraphVertex.swift; sourceTree = "<group>"; };
		67C507212D7FA81F00CD0B83 /* ElementRestirction.swift */ = {isa = PBXFileReference; lastKnownFileType = sourcecode.swift; path = ElementRestirction.swift; sourceTree = "<group>"; };
		67C507222D7FA81F00CD0B83 /* NodeRestriction.swift */ = {isa = PBXFileReference; lastKnownFileType = sourcecode.swift; path = NodeRestriction.swift; sourceTree = "<group>"; };
		67C507242D7FA81F00CD0B83 /* SquareEdge.swift */ = {isa = PBXFileReference; lastKnownFileType = sourcecode.swift; path = SquareEdge.swift; sourceTree = "<group>"; };
		67C507252D7FA81F00CD0B83 /* SquareField.swift */ = {isa = PBXFileReference; lastKnownFileType = sourcecode.swift; path = SquareField.swift; sourceTree = "<group>"; };
		67C507262D7FA81F00CD0B83 /* SquarePoint.swift */ = {isa = PBXFileReference; lastKnownFileType = sourcecode.swift; path = SquarePoint.swift; sourceTree = "<group>"; };
		67C507272D7FA81F00CD0B83 /* SquareTopology.swift */ = {isa = PBXFileReference; lastKnownFileType = sourcecode.swift; path = SquareTopology.swift; sourceTree = "<group>"; };
		67C507292D7FA81F00CD0B83 /* Field.swift */ = {isa = PBXFileReference; lastKnownFileType = sourcecode.swift; path = Field.swift; sourceTree = "<group>"; };
		67C5072A2D7FA81F00CD0B83 /* Topology.swift */ = {isa = PBXFileReference; lastKnownFileType = sourcecode.swift; path = Topology.swift; sourceTree = "<group>"; };
		67C5072C2D7FA81F00CD0B83 /* SquareFieldPrinter.swift */ = {isa = PBXFileReference; lastKnownFileType = sourcecode.swift; path = SquareFieldPrinter.swift; sourceTree = "<group>"; };
		67C5072E2D7FA81F00CD0B83 /* ElementSuperposition.swift */ = {isa = PBXFileReference; lastKnownFileType = sourcecode.swift; path = ElementSuperposition.swift; sourceTree = "<group>"; };
		67C5072F2D7FA81F00CD0B83 /* FieldAnalyzer.swift */ = {isa = PBXFileReference; lastKnownFileType = sourcecode.swift; path = FieldAnalyzer.swift; sourceTree = "<group>"; };
		67C507312D7FA81F00CD0B83 /* NodeSuperposition.swift */ = {isa = PBXFileReference; lastKnownFileType = sourcecode.swift; path = NodeSuperposition.swift; sourceTree = "<group>"; };
		67C507322D7FA81F00CD0B83 /* SLLabyrinthGenerator.swift */ = {isa = PBXFileReference; lastKnownFileType = sourcecode.swift; path = SLLabyrinthGenerator.swift; sourceTree = "<group>"; };
		67C507332D7FA81F00CD0B83 /* SuperpositionsProvider.swift */ = {isa = PBXFileReference; lastKnownFileType = sourcecode.swift; path = SuperpositionsProvider.swift; sourceTree = "<group>"; };
/* End PBXFileReference section */

/* Begin PBXFileSystemSynchronizedRootGroup section */
		6754B53A2D7A91DA0023C62F /* SLLabyrinthIOS */ = {
			isa = PBXFileSystemSynchronizedRootGroup;
			path = SLLabyrinthIOS;
			sourceTree = "<group>";
		};
		6754B54C2D7A91DD0023C62F /* SLLabyrinthIOSTests */ = {
			isa = PBXFileSystemSynchronizedRootGroup;
			path = SLLabyrinthIOSTests;
			sourceTree = "<group>";
		};
		6754B5562D7A91DD0023C62F /* SLLabyrinthIOSUITests */ = {
			isa = PBXFileSystemSynchronizedRootGroup;
			path = SLLabyrinthIOSUITests;
			sourceTree = "<group>";
		};
		6764086D2D8105A6008BBFAC /* Configuration */ = {
			isa = PBXFileSystemSynchronizedRootGroup;
			path = Configuration;
			sourceTree = "<group>";
		};
/* End PBXFileSystemSynchronizedRootGroup section */

/* Begin PBXFrameworksBuildPhase section */
		6754B5352D7A91DA0023C62F /* Frameworks */ = {
			isa = PBXFrameworksBuildPhase;
			buildActionMask = 2147483647;
			files = (
			);
			runOnlyForDeploymentPostprocessing = 0;
		};
		6754B5462D7A91DD0023C62F /* Frameworks */ = {
			isa = PBXFrameworksBuildPhase;
			buildActionMask = 2147483647;
			files = (
			);
			runOnlyForDeploymentPostprocessing = 0;
		};
		6754B5502D7A91DD0023C62F /* Frameworks */ = {
			isa = PBXFrameworksBuildPhase;
			buildActionMask = 2147483647;
			files = (
			);
			runOnlyForDeploymentPostprocessing = 0;
		};
/* End PBXFrameworksBuildPhase section */

/* Begin PBXGroup section */
		6754B52F2D7A91DA0023C62F = {
			isa = PBXGroup;
			children = (
				67C507342D7FA81F00CD0B83 /* SLLabyrinthGenerator */,
				6754B53A2D7A91DA0023C62F /* SLLabyrinthIOS */,
				6754B54C2D7A91DD0023C62F /* SLLabyrinthIOSTests */,
				6754B5562D7A91DD0023C62F /* SLLabyrinthIOSUITests */,
				6754B5392D7A91DA0023C62F /* Products */,
			);
			sourceTree = "<group>";
		};
		6754B5392D7A91DA0023C62F /* Products */ = {
			isa = PBXGroup;
			children = (
				6754B5382D7A91DA0023C62F /* SLLabyrinthIOS.app */,
				6754B5492D7A91DD0023C62F /* SLLabyrinthIOSTests.xctest */,
				6754B5532D7A91DD0023C62F /* SLLabyrinthIOSUITests.xctest */,
			);
			name = Products;
			sourceTree = "<group>";
		};
		67C507152D7FA81F00CD0B83 /* Concrete */ = {
			isa = PBXGroup;
			children = (
				67C507102D7FA81F00CD0B83 /* CornerPath.swift */,
				67C507112D7FA81F00CD0B83 /* Deadend.swift */,
				67C507122D7FA81F00CD0B83 /* Junction.swift */,
				67C507132D7FA81F00CD0B83 /* Solid.swift */,
				67C507142D7FA81F00CD0B83 /* StraightPath.swift */,
			);
			path = Concrete;
			sourceTree = "<group>";
		};
		67C507182D7FA81F00CD0B83 /* Elements */ = {
			isa = PBXGroup;
			children = (
				67C507152D7FA81F00CD0B83 /* Concrete */,
				67C507162D7FA81F00CD0B83 /* EdgeBasedElement.swift */,
				67C507172D7FA81F00CD0B83 /* LabyrinthElement.swift */,
				676408632D807D31008BBFAC /* UndefinedElement.swift */,
			);
			path = Elements;
			sourceTree = "<group>";
		};
		67C5071C2D7FA81F00CD0B83 /* Extensions */ = {
			isa = PBXGroup;
			children = (
				67C507192D7FA81F00CD0B83 /* Array+Extensions.swift */,
				67C5071A2D7FA81F00CD0B83 /* Collection+Extensions.swift */,
				67C5071B2D7FA81F00CD0B83 /* Dictionary+Extensions.swift */,
			);
			path = Extensions;
			sourceTree = "<group>";
		};
		67C507202D7FA81F00CD0B83 /* PathsGraph */ = {
			isa = PBXGroup;
			children = (
				67C5071D2D7FA81F00CD0B83 /* PathsGraph.swift */,
				676408672D80CEB5008BBFAC /* PathsGraphArea.swift */,
				67C5071E2D7FA81F00CD0B83 /* PathsGraphEdge.swift */,
				67C5071F2D7FA81F00CD0B83 /* PathsGraphVertex.swift */,
			);
			path = PathsGraph;
			sourceTree = "<group>";
		};
		67C507232D7FA81F00CD0B83 /* Restrictions */ = {
			isa = PBXGroup;
			children = (
				67C507212D7FA81F00CD0B83 /* ElementRestirction.swift */,
				67C507222D7FA81F00CD0B83 /* NodeRestriction.swift */,
				676408732D8115D4008BBFAC /* SuperpositionRestriction.swift */,
			);
			path = Restrictions;
			sourceTree = "<group>";
		};
		67C507282D7FA81F00CD0B83 /* Square */ = {
			isa = PBXGroup;
			children = (
				67C507242D7FA81F00CD0B83 /* SquareEdge.swift */,
				67C507252D7FA81F00CD0B83 /* SquareField.swift */,
				67C507262D7FA81F00CD0B83 /* SquarePoint.swift */,
				67C507272D7FA81F00CD0B83 /* SquareTopology.swift */,
			);
			path = Square;
			sourceTree = "<group>";
		};
		67C5072B2D7FA81F00CD0B83 /* Topology */ = {
			isa = PBXGroup;
			children = (
				67C507282D7FA81F00CD0B83 /* Square */,
				67C507292D7FA81F00CD0B83 /* Field.swift */,
				6764085F2D8078CB008BBFAC /* DictionaryBasedField.swift */,
				67C5072A2D7FA81F00CD0B83 /* Topology.swift */,
			);
			path = Topology;
			sourceTree = "<group>";
		};
		67C5072D2D7FA81F00CD0B83 /* Utils */ = {
			isa = PBXGroup;
			children = (
				67C5072C2D7FA81F00CD0B83 /* SquareFieldPrinter.swift */,
			);
			path = Utils;
			sourceTree = "<group>";
		};
		67C507342D7FA81F00CD0B83 /* SLLabyrinthGenerator */ = {
			isa = PBXGroup;
			children = (
				6764086D2D8105A6008BBFAC /* Configuration */,
				67C507182D7FA81F00CD0B83 /* Elements */,
				67C5071C2D7FA81F00CD0B83 /* Extensions */,
				67C507202D7FA81F00CD0B83 /* PathsGraph */,
				67C507232D7FA81F00CD0B83 /* Restrictions */,
				67C5072B2D7FA81F00CD0B83 /* Topology */,
				67C5072D2D7FA81F00CD0B83 /* Utils */,
				67C5072E2D7FA81F00CD0B83 /* ElementSuperposition.swift */,
				67C5072F2D7FA81F00CD0B83 /* FieldAnalyzer.swift */,
				67C507312D7FA81F00CD0B83 /* NodeSuperposition.swift */,
				67C507322D7FA81F00CD0B83 /* SLLabyrinthGenerator.swift */,
				67C507332D7FA81F00CD0B83 /* SuperpositionsProvider.swift */,
			);
			name = SLLabyrinthGenerator;
			path = ../Generator/Sources/SLLabyrinthGenerator;
			sourceTree = SOURCE_ROOT;
		};
/* End PBXGroup section */

/* Begin PBXNativeTarget section */
		6754B5372D7A91DA0023C62F /* SLLabyrinthIOS */ = {
			isa = PBXNativeTarget;
			buildConfigurationList = 6754B55D2D7A91DD0023C62F /* Build configuration list for PBXNativeTarget "SLLabyrinthIOS" */;
			buildPhases = (
				6754B5342D7A91DA0023C62F /* Sources */,
				6754B5352D7A91DA0023C62F /* Frameworks */,
				6754B5362D7A91DA0023C62F /* Resources */,
			);
			buildRules = (
			);
			dependencies = (
			);
			fileSystemSynchronizedGroups = (
				6754B53A2D7A91DA0023C62F /* SLLabyrinthIOS */,
				6764086D2D8105A6008BBFAC /* Configuration */,
			);
			name = SLLabyrinthIOS;
			packageProductDependencies = (
			);
			productName = SLLabyrinthIOS;
			productReference = 6754B5382D7A91DA0023C62F /* SLLabyrinthIOS.app */;
			productType = "com.apple.product-type.application";
		};
		6754B5482D7A91DD0023C62F /* SLLabyrinthIOSTests */ = {
			isa = PBXNativeTarget;
			buildConfigurationList = 6754B5602D7A91DD0023C62F /* Build configuration list for PBXNativeTarget "SLLabyrinthIOSTests" */;
			buildPhases = (
				6754B5452D7A91DD0023C62F /* Sources */,
				6754B5462D7A91DD0023C62F /* Frameworks */,
				6754B5472D7A91DD0023C62F /* Resources */,
			);
			buildRules = (
			);
			dependencies = (
				6754B54B2D7A91DD0023C62F /* PBXTargetDependency */,
			);
			fileSystemSynchronizedGroups = (
				6754B54C2D7A91DD0023C62F /* SLLabyrinthIOSTests */,
			);
			name = SLLabyrinthIOSTests;
			packageProductDependencies = (
			);
			productName = SLLabyrinthIOSTests;
			productReference = 6754B5492D7A91DD0023C62F /* SLLabyrinthIOSTests.xctest */;
			productType = "com.apple.product-type.bundle.unit-test";
		};
		6754B5522D7A91DD0023C62F /* SLLabyrinthIOSUITests */ = {
			isa = PBXNativeTarget;
			buildConfigurationList = 6754B5632D7A91DD0023C62F /* Build configuration list for PBXNativeTarget "SLLabyrinthIOSUITests" */;
			buildPhases = (
				6754B54F2D7A91DD0023C62F /* Sources */,
				6754B5502D7A91DD0023C62F /* Frameworks */,
				6754B5512D7A91DD0023C62F /* Resources */,
			);
			buildRules = (
			);
			dependencies = (
				6754B5552D7A91DD0023C62F /* PBXTargetDependency */,
			);
			fileSystemSynchronizedGroups = (
				6754B5562D7A91DD0023C62F /* SLLabyrinthIOSUITests */,
			);
			name = SLLabyrinthIOSUITests;
			packageProductDependencies = (
			);
			productName = SLLabyrinthIOSUITests;
			productReference = 6754B5532D7A91DD0023C62F /* SLLabyrinthIOSUITests.xctest */;
			productType = "com.apple.product-type.bundle.ui-testing";
		};
/* End PBXNativeTarget section */

/* Begin PBXProject section */
		6754B5302D7A91DA0023C62F /* Project object */ = {
			isa = PBXProject;
			attributes = {
				BuildIndependentTargetsInParallel = 1;
				LastSwiftUpdateCheck = 1610;
				LastUpgradeCheck = 1610;
				TargetAttributes = {
					6754B5372D7A91DA0023C62F = {
						CreatedOnToolsVersion = 16.1;
					};
					6754B5482D7A91DD0023C62F = {
						CreatedOnToolsVersion = 16.1;
						TestTargetID = 6754B5372D7A91DA0023C62F;
					};
					6754B5522D7A91DD0023C62F = {
						CreatedOnToolsVersion = 16.1;
						TestTargetID = 6754B5372D7A91DA0023C62F;
					};
				};
			};
			buildConfigurationList = 6754B5332D7A91DA0023C62F /* Build configuration list for PBXProject "SLLabyrinthIOS" */;
			developmentRegion = en;
			hasScannedForEncodings = 0;
			knownRegions = (
				en,
				Base,
			);
			mainGroup = 6754B52F2D7A91DA0023C62F;
			minimizedProjectReferenceProxies = 1;
			packageReferences = (
			);
			preferredProjectObjectVersion = 77;
			productRefGroup = 6754B5392D7A91DA0023C62F /* Products */;
			projectDirPath = "";
			projectRoot = "";
			targets = (
				6754B5372D7A91DA0023C62F /* SLLabyrinthIOS */,
				6754B5482D7A91DD0023C62F /* SLLabyrinthIOSTests */,
				6754B5522D7A91DD0023C62F /* SLLabyrinthIOSUITests */,
			);
		};
/* End PBXProject section */

/* Begin PBXResourcesBuildPhase section */
		6754B5362D7A91DA0023C62F /* Resources */ = {
			isa = PBXResourcesBuildPhase;
			buildActionMask = 2147483647;
			files = (
			);
			runOnlyForDeploymentPostprocessing = 0;
		};
		6754B5472D7A91DD0023C62F /* Resources */ = {
			isa = PBXResourcesBuildPhase;
			buildActionMask = 2147483647;
			files = (
			);
			runOnlyForDeploymentPostprocessing = 0;
		};
		6754B5512D7A91DD0023C62F /* Resources */ = {
			isa = PBXResourcesBuildPhase;
			buildActionMask = 2147483647;
			files = (
			);
			runOnlyForDeploymentPostprocessing = 0;
		};
/* End PBXResourcesBuildPhase section */

/* Begin PBXSourcesBuildPhase section */
		6754B5342D7A91DA0023C62F /* Sources */ = {
			isa = PBXSourcesBuildPhase;
			buildActionMask = 2147483647;
			files = (
				67C507352D7FA81F00CD0B83 /* SuperpositionsProvider.swift in Sources */,
				67C507362D7FA81F00CD0B83 /* CornerPath.swift in Sources */,
				67C507372D7FA81F00CD0B83 /* NodeSuperposition.swift in Sources */,
				676408642D807D31008BBFAC /* UndefinedElement.swift in Sources */,
				676408602D8078CB008BBFAC /* DictionaryBasedField.swift in Sources */,
				67C507392D7FA81F00CD0B83 /* EdgeBasedElement.swift in Sources */,
				67C5073A2D7FA81F00CD0B83 /* Solid.swift in Sources */,
				676408742D8115D4008BBFAC /* SuperpositionRestriction.swift in Sources */,
				67C5073B2D7FA81F00CD0B83 /* SquareFieldPrinter.swift in Sources */,
				67C5073C2D7FA81F00CD0B83 /* LabyrinthElement.swift in Sources */,
				67C5073D2D7FA81F00CD0B83 /* Deadend.swift in Sources */,
				67C5073E2D7FA81F00CD0B83 /* PathsGraph.swift in Sources */,
				67C5073F2D7FA81F00CD0B83 /* Topology.swift in Sources */,
				67C507402D7FA81F00CD0B83 /* PathsGraphEdge.swift in Sources */,
				67C507412D7FA81F00CD0B83 /* Collection+Extensions.swift in Sources */,
				67C507422D7FA81F00CD0B83 /* NodeRestriction.swift in Sources */,
				67C507432D7FA81F00CD0B83 /* SquareTopology.swift in Sources */,
				67C507442D7FA81F00CD0B83 /* Field.swift in Sources */,
				67C507452D7FA81F00CD0B83 /* StraightPath.swift in Sources */,
				67C507462D7FA81F00CD0B83 /* SquareEdge.swift in Sources */,
				67C507472D7FA81F00CD0B83 /* Junction.swift in Sources */,
				67C507482D7FA81F00CD0B83 /* Dictionary+Extensions.swift in Sources */,
				67C507492D7FA81F00CD0B83 /* SLLabyrinthGenerator.swift in Sources */,
				67C5074A2D7FA81F00CD0B83 /* ElementSuperposition.swift in Sources */,
				67C5074B2D7FA81F00CD0B83 /* FieldAnalyzer.swift in Sources */,
				67C5074C2D7FA81F00CD0B83 /* SquarePoint.swift in Sources */,
				676408682D80CEB5008BBFAC /* PathsGraphArea.swift in Sources */,
				67C5074D2D7FA81F00CD0B83 /* SquareField.swift in Sources */,
				67C5074E2D7FA81F00CD0B83 /* PathsGraphVertex.swift in Sources */,
				67C5074F2D7FA81F00CD0B83 /* Array+Extensions.swift in Sources */,
				67C507502D7FA81F00CD0B83 /* ElementRestirction.swift in Sources */,
			);
			runOnlyForDeploymentPostprocessing = 0;
		};
		6754B5452D7A91DD0023C62F /* Sources */ = {
			isa = PBXSourcesBuildPhase;
			buildActionMask = 2147483647;
			files = (
			);
			runOnlyForDeploymentPostprocessing = 0;
		};
		6754B54F2D7A91DD0023C62F /* Sources */ = {
			isa = PBXSourcesBuildPhase;
			buildActionMask = 2147483647;
			files = (
			);
			runOnlyForDeploymentPostprocessing = 0;
		};
/* End PBXSourcesBuildPhase section */

/* Begin PBXTargetDependency section */
		6754B54B2D7A91DD0023C62F /* PBXTargetDependency */ = {
			isa = PBXTargetDependency;
			target = 6754B5372D7A91DA0023C62F /* SLLabyrinthIOS */;
			targetProxy = 6754B54A2D7A91DD0023C62F /* PBXContainerItemProxy */;
		};
		6754B5552D7A91DD0023C62F /* PBXTargetDependency */ = {
			isa = PBXTargetDependency;
			target = 6754B5372D7A91DA0023C62F /* SLLabyrinthIOS */;
			targetProxy = 6754B5542D7A91DD0023C62F /* PBXContainerItemProxy */;
		};
/* End PBXTargetDependency section */

/* Begin XCBuildConfiguration section */
		6754B55B2D7A91DD0023C62F /* Debug */ = {
			isa = XCBuildConfiguration;
			buildSettings = {
				ALWAYS_SEARCH_USER_PATHS = NO;
				ASSETCATALOG_COMPILER_GENERATE_SWIFT_ASSET_SYMBOL_EXTENSIONS = YES;
				CLANG_ANALYZER_NONNULL = YES;
				CLANG_ANALYZER_NUMBER_OBJECT_CONVERSION = YES_AGGRESSIVE;
				CLANG_CXX_LANGUAGE_STANDARD = "gnu++20";
				CLANG_ENABLE_MODULES = YES;
				CLANG_ENABLE_OBJC_ARC = YES;
				CLANG_ENABLE_OBJC_WEAK = YES;
				CLANG_WARN_BLOCK_CAPTURE_AUTORELEASING = YES;
				CLANG_WARN_BOOL_CONVERSION = YES;
				CLANG_WARN_COMMA = YES;
				CLANG_WARN_CONSTANT_CONVERSION = YES;
				CLANG_WARN_DEPRECATED_OBJC_IMPLEMENTATIONS = YES;
				CLANG_WARN_DIRECT_OBJC_ISA_USAGE = YES_ERROR;
				CLANG_WARN_DOCUMENTATION_COMMENTS = YES;
				CLANG_WARN_EMPTY_BODY = YES;
				CLANG_WARN_ENUM_CONVERSION = YES;
				CLANG_WARN_INFINITE_RECURSION = YES;
				CLANG_WARN_INT_CONVERSION = YES;
				CLANG_WARN_NON_LITERAL_NULL_CONVERSION = YES;
				CLANG_WARN_OBJC_IMPLICIT_RETAIN_SELF = YES;
				CLANG_WARN_OBJC_LITERAL_CONVERSION = YES;
				CLANG_WARN_OBJC_ROOT_CLASS = YES_ERROR;
				CLANG_WARN_QUOTED_INCLUDE_IN_FRAMEWORK_HEADER = YES;
				CLANG_WARN_RANGE_LOOP_ANALYSIS = YES;
				CLANG_WARN_STRICT_PROTOTYPES = YES;
				CLANG_WARN_SUSPICIOUS_MOVE = YES;
				CLANG_WARN_UNGUARDED_AVAILABILITY = YES_AGGRESSIVE;
				CLANG_WARN_UNREACHABLE_CODE = YES;
				CLANG_WARN__DUPLICATE_METHOD_MATCH = YES;
				COPY_PHASE_STRIP = NO;
				DEBUG_INFORMATION_FORMAT = dwarf;
				ENABLE_STRICT_OBJC_MSGSEND = YES;
				ENABLE_TESTABILITY = YES;
				ENABLE_USER_SCRIPT_SANDBOXING = YES;
				GCC_C_LANGUAGE_STANDARD = gnu17;
				GCC_DYNAMIC_NO_PIC = NO;
				GCC_NO_COMMON_BLOCKS = YES;
				GCC_OPTIMIZATION_LEVEL = 0;
				GCC_PREPROCESSOR_DEFINITIONS = (
					"DEBUG=1",
					"$(inherited)",
				);
				GCC_WARN_64_TO_32_BIT_CONVERSION = YES;
				GCC_WARN_ABOUT_RETURN_TYPE = YES_ERROR;
				GCC_WARN_UNDECLARED_SELECTOR = YES;
				GCC_WARN_UNINITIALIZED_AUTOS = YES_AGGRESSIVE;
				GCC_WARN_UNUSED_FUNCTION = YES;
				GCC_WARN_UNUSED_VARIABLE = YES;
				LOCALIZATION_PREFERS_STRING_CATALOGS = YES;
				MACOSX_DEPLOYMENT_TARGET = 15.1;
				MTL_ENABLE_DEBUG_INFO = INCLUDE_SOURCE;
				MTL_FAST_MATH = YES;
				ONLY_ACTIVE_ARCH = YES;
				SDKROOT = macosx;
				SWIFT_ACTIVE_COMPILATION_CONDITIONS = "DEBUG $(inherited)";
				SWIFT_OPTIMIZATION_LEVEL = "-Onone";
			};
			name = Debug;
		};
		6754B55C2D7A91DD0023C62F /* Release */ = {
			isa = XCBuildConfiguration;
			buildSettings = {
				ALWAYS_SEARCH_USER_PATHS = NO;
				ASSETCATALOG_COMPILER_GENERATE_SWIFT_ASSET_SYMBOL_EXTENSIONS = YES;
				CLANG_ANALYZER_NONNULL = YES;
				CLANG_ANALYZER_NUMBER_OBJECT_CONVERSION = YES_AGGRESSIVE;
				CLANG_CXX_LANGUAGE_STANDARD = "gnu++20";
				CLANG_ENABLE_MODULES = YES;
				CLANG_ENABLE_OBJC_ARC = YES;
				CLANG_ENABLE_OBJC_WEAK = YES;
				CLANG_WARN_BLOCK_CAPTURE_AUTORELEASING = YES;
				CLANG_WARN_BOOL_CONVERSION = YES;
				CLANG_WARN_COMMA = YES;
				CLANG_WARN_CONSTANT_CONVERSION = YES;
				CLANG_WARN_DEPRECATED_OBJC_IMPLEMENTATIONS = YES;
				CLANG_WARN_DIRECT_OBJC_ISA_USAGE = YES_ERROR;
				CLANG_WARN_DOCUMENTATION_COMMENTS = YES;
				CLANG_WARN_EMPTY_BODY = YES;
				CLANG_WARN_ENUM_CONVERSION = YES;
				CLANG_WARN_INFINITE_RECURSION = YES;
				CLANG_WARN_INT_CONVERSION = YES;
				CLANG_WARN_NON_LITERAL_NULL_CONVERSION = YES;
				CLANG_WARN_OBJC_IMPLICIT_RETAIN_SELF = YES;
				CLANG_WARN_OBJC_LITERAL_CONVERSION = YES;
				CLANG_WARN_OBJC_ROOT_CLASS = YES_ERROR;
				CLANG_WARN_QUOTED_INCLUDE_IN_FRAMEWORK_HEADER = YES;
				CLANG_WARN_RANGE_LOOP_ANALYSIS = YES;
				CLANG_WARN_STRICT_PROTOTYPES = YES;
				CLANG_WARN_SUSPICIOUS_MOVE = YES;
				CLANG_WARN_UNGUARDED_AVAILABILITY = YES_AGGRESSIVE;
				CLANG_WARN_UNREACHABLE_CODE = YES;
				CLANG_WARN__DUPLICATE_METHOD_MATCH = YES;
				COPY_PHASE_STRIP = NO;
				DEBUG_INFORMATION_FORMAT = "dwarf-with-dsym";
				ENABLE_NS_ASSERTIONS = NO;
				ENABLE_STRICT_OBJC_MSGSEND = YES;
				ENABLE_USER_SCRIPT_SANDBOXING = YES;
				GCC_C_LANGUAGE_STANDARD = gnu17;
				GCC_NO_COMMON_BLOCKS = YES;
				GCC_WARN_64_TO_32_BIT_CONVERSION = YES;
				GCC_WARN_ABOUT_RETURN_TYPE = YES_ERROR;
				GCC_WARN_UNDECLARED_SELECTOR = YES;
				GCC_WARN_UNINITIALIZED_AUTOS = YES_AGGRESSIVE;
				GCC_WARN_UNUSED_FUNCTION = YES;
				GCC_WARN_UNUSED_VARIABLE = YES;
				LOCALIZATION_PREFERS_STRING_CATALOGS = YES;
				MACOSX_DEPLOYMENT_TARGET = 15.1;
				MTL_ENABLE_DEBUG_INFO = NO;
				MTL_FAST_MATH = YES;
				SDKROOT = macosx;
				SWIFT_COMPILATION_MODE = wholemodule;
			};
			name = Release;
		};
		6754B55E2D7A91DD0023C62F /* Debug */ = {
			isa = XCBuildConfiguration;
			buildSettings = {
				ASSETCATALOG_COMPILER_APPICON_NAME = AppIcon;
				ASSETCATALOG_COMPILER_GLOBAL_ACCENT_COLOR_NAME = AccentColor;
				CODE_SIGN_ENTITLEMENTS = SLLabyrinthIOS/SLLabyrinthIOS.entitlements;
				CODE_SIGN_STYLE = Automatic;
				COMBINE_HIDPI_IMAGES = YES;
				CURRENT_PROJECT_VERSION = 1;
				DEVELOPMENT_ASSET_PATHS = "\"SLLabyrinthIOS/Preview Content\"";
				ENABLE_PREVIEWS = YES;
				GENERATE_INFOPLIST_FILE = YES;
				INFOPLIST_KEY_NSHumanReadableCopyright = "";
				LD_RUNPATH_SEARCH_PATHS = (
					"$(inherited)",
					"@executable_path/../Frameworks",
				);
				MARKETING_VERSION = 1.0;
				PRODUCT_BUNDLE_IDENTIFIER = com.ssp.SLLabyrinthIOS;
				PRODUCT_NAME = "$(TARGET_NAME)";
				SWIFT_EMIT_LOC_STRINGS = YES;
				SWIFT_VERSION = 5.0;
			};
			name = Debug;
		};
		6754B55F2D7A91DD0023C62F /* Release */ = {
			isa = XCBuildConfiguration;
			buildSettings = {
				ASSETCATALOG_COMPILER_APPICON_NAME = AppIcon;
				ASSETCATALOG_COMPILER_GLOBAL_ACCENT_COLOR_NAME = AccentColor;
				CODE_SIGN_ENTITLEMENTS = SLLabyrinthIOS/SLLabyrinthIOS.entitlements;
				CODE_SIGN_STYLE = Automatic;
				COMBINE_HIDPI_IMAGES = YES;
				CURRENT_PROJECT_VERSION = 1;
				DEVELOPMENT_ASSET_PATHS = "\"SLLabyrinthIOS/Preview Content\"";
				ENABLE_PREVIEWS = YES;
				GENERATE_INFOPLIST_FILE = YES;
				INFOPLIST_KEY_NSHumanReadableCopyright = "";
				LD_RUNPATH_SEARCH_PATHS = (
					"$(inherited)",
					"@executable_path/../Frameworks",
				);
				MARKETING_VERSION = 1.0;
				PRODUCT_BUNDLE_IDENTIFIER = com.ssp.SLLabyrinthIOS;
				PRODUCT_NAME = "$(TARGET_NAME)";
				SWIFT_EMIT_LOC_STRINGS = YES;
				SWIFT_VERSION = 5.0;
			};
			name = Release;
		};
		6754B5612D7A91DD0023C62F /* Debug */ = {
			isa = XCBuildConfiguration;
			buildSettings = {
				BUNDLE_LOADER = "$(TEST_HOST)";
				CODE_SIGN_STYLE = Automatic;
				CURRENT_PROJECT_VERSION = 1;
				GENERATE_INFOPLIST_FILE = YES;
				MACOSX_DEPLOYMENT_TARGET = 15.1;
				MARKETING_VERSION = 1.0;
				PRODUCT_BUNDLE_IDENTIFIER = com.ssp.SLLabyrinthIOSTests;
				PRODUCT_NAME = "$(TARGET_NAME)";
				SWIFT_EMIT_LOC_STRINGS = NO;
				SWIFT_VERSION = 5.0;
				TEST_HOST = "$(BUILT_PRODUCTS_DIR)/SLLabyrinthIOS.app/$(BUNDLE_EXECUTABLE_FOLDER_PATH)/SLLabyrinthIOS";
			};
			name = Debug;
		};
		6754B5622D7A91DD0023C62F /* Release */ = {
			isa = XCBuildConfiguration;
			buildSettings = {
				BUNDLE_LOADER = "$(TEST_HOST)";
				CODE_SIGN_STYLE = Automatic;
				CURRENT_PROJECT_VERSION = 1;
				GENERATE_INFOPLIST_FILE = YES;
				MACOSX_DEPLOYMENT_TARGET = 15.1;
				MARKETING_VERSION = 1.0;
				PRODUCT_BUNDLE_IDENTIFIER = com.ssp.SLLabyrinthIOSTests;
				PRODUCT_NAME = "$(TARGET_NAME)";
				SWIFT_EMIT_LOC_STRINGS = NO;
				SWIFT_VERSION = 5.0;
				TEST_HOST = "$(BUILT_PRODUCTS_DIR)/SLLabyrinthIOS.app/$(BUNDLE_EXECUTABLE_FOLDER_PATH)/SLLabyrinthIOS";
			};
			name = Release;
		};
		6754B5642D7A91DD0023C62F /* Debug */ = {
			isa = XCBuildConfiguration;
			buildSettings = {
				CODE_SIGN_STYLE = Automatic;
				CURRENT_PROJECT_VERSION = 1;
				GENERATE_INFOPLIST_FILE = YES;
				MARKETING_VERSION = 1.0;
				PRODUCT_BUNDLE_IDENTIFIER = com.ssp.SLLabyrinthIOSUITests;
				PRODUCT_NAME = "$(TARGET_NAME)";
				SWIFT_EMIT_LOC_STRINGS = NO;
				SWIFT_VERSION = 5.0;
				TEST_TARGET_NAME = SLLabyrinthIOS;
			};
			name = Debug;
		};
		6754B5652D7A91DD0023C62F /* Release */ = {
			isa = XCBuildConfiguration;
			buildSettings = {
				CODE_SIGN_STYLE = Automatic;
				CURRENT_PROJECT_VERSION = 1;
				GENERATE_INFOPLIST_FILE = YES;
				MARKETING_VERSION = 1.0;
				PRODUCT_BUNDLE_IDENTIFIER = com.ssp.SLLabyrinthIOSUITests;
				PRODUCT_NAME = "$(TARGET_NAME)";
				SWIFT_EMIT_LOC_STRINGS = NO;
				SWIFT_VERSION = 5.0;
				TEST_TARGET_NAME = SLLabyrinthIOS;
			};
			name = Release;
		};
/* End XCBuildConfiguration section */

/* Begin XCConfigurationList section */
		6754B5332D7A91DA0023C62F /* Build configuration list for PBXProject "SLLabyrinthIOS" */ = {
			isa = XCConfigurationList;
			buildConfigurations = (
				6754B55B2D7A91DD0023C62F /* Debug */,
				6754B55C2D7A91DD0023C62F /* Release */,
			);
			defaultConfigurationIsVisible = 0;
			defaultConfigurationName = Release;
		};
		6754B55D2D7A91DD0023C62F /* Build configuration list for PBXNativeTarget "SLLabyrinthIOS" */ = {
			isa = XCConfigurationList;
			buildConfigurations = (
				6754B55E2D7A91DD0023C62F /* Debug */,
				6754B55F2D7A91DD0023C62F /* Release */,
			);
			defaultConfigurationIsVisible = 0;
			defaultConfigurationName = Release;
		};
		6754B5602D7A91DD0023C62F /* Build configuration list for PBXNativeTarget "SLLabyrinthIOSTests" */ = {
			isa = XCConfigurationList;
			buildConfigurations = (
				6754B5612D7A91DD0023C62F /* Debug */,
				6754B5622D7A91DD0023C62F /* Release */,
			);
			defaultConfigurationIsVisible = 0;
			defaultConfigurationName = Release;
		};
		6754B5632D7A91DD0023C62F /* Build configuration list for PBXNativeTarget "SLLabyrinthIOSUITests" */ = {
			isa = XCConfigurationList;
			buildConfigurations = (
				6754B5642D7A91DD0023C62F /* Debug */,
				6754B5652D7A91DD0023C62F /* Release */,
			);
			defaultConfigurationIsVisible = 0;
			defaultConfigurationName = Release;
		};
/* End XCConfigurationList section */
	};
	rootObject = 6754B5302D7A91DA0023C62F /* Project object */;
}
