// !$*UTF8*$!
{
	archiveVersion = 1;
	classes = {
	};
	objectVersion = 77;
	objects = {

/* Begin PBXBuildFile section */
		6739D8862D83A5A4009CAEE4 /* IdEquatable.swift in Sources */ = {isa = PBXBuildFile; fileRef = 6739D87E2D83A5A4009CAEE4 /* IdEquatable.swift */; };
		6739D8872D83A5A4009CAEE4 /* TimeLog.swift in Sources */ = {isa = PBXBuildFile; fileRef = 6739D8792D83A5A4009CAEE4 /* TimeLog.swift */; };
		6739D8882D83A5A4009CAEE4 /* DictionaryBasedField.swift in Sources */ = {isa = PBXBuildFile; fileRef = 6739D8752D83A5A4009CAEE4 /* DictionaryBasedField.swift */; };
		6739D8892D83A5A4009CAEE4 /* PathsGraphPatch.swift in Sources */ = {isa = PBXBuildFile; fileRef = 6739D8652D83A5A4009CAEE4 /* PathsGraphPatch.swift */; };
		6739D88A2D83A5A4009CAEE4 /* TimeProfiler.swift in Sources */ = {isa = PBXBuildFile; fileRef = 6739D87B2D83A5A4009CAEE4 /* TimeProfiler.swift */; };
		6739D88B2D83A5A4009CAEE4 /* SuperpositionRestriction.swift in Sources */ = {isa = PBXBuildFile; fileRef = 6739D86B2D83A5A4009CAEE4 /* SuperpositionRestriction.swift */; };
		6739D88C2D83A5A4009CAEE4 /* PathsGraph.swift in Sources */ = {isa = PBXBuildFile; fileRef = 6739D8622D83A5A4009CAEE4 /* PathsGraph.swift */; };
		6739D88D2D83A5A4009CAEE4 /* Set+Extensions.swift in Sources */ = {isa = PBXBuildFile; fileRef = 6739D8602D83A5A4009CAEE4 /* Set+Extensions.swift */; };
		6739D88E2D83A5A4009CAEE4 /* NodeRestriction.swift in Sources */ = {isa = PBXBuildFile; fileRef = 6739D86A2D83A5A4009CAEE4 /* NodeRestriction.swift */; };
		6739D88F2D83A5A4009CAEE4 /* TimeLogNode.swift in Sources */ = {isa = PBXBuildFile; fileRef = 6739D87A2D83A5A4009CAEE4 /* TimeLogNode.swift */; };
		6739D8902D83A5A4009CAEE4 /* Array+Extensions.swift in Sources */ = {isa = PBXBuildFile; fileRef = 6739D85C2D83A5A4009CAEE4 /* Array+Extensions.swift */; };
		6739D8912D83A5A4009CAEE4 /* SuperpositionsProvider.swift in Sources */ = {isa = PBXBuildFile; fileRef = 6739D8842D83A5A4009CAEE4 /* SuperpositionsProvider.swift */; };
		6739D8922D83A5A4009CAEE4 /* SquareTopology.swift in Sources */ = {isa = PBXBuildFile; fileRef = 6739D8732D83A5A4009CAEE4 /* SquareTopology.swift */; };
		6739D8932D83A5A4009CAEE4 /* IsolatedAreasStrategy.swift in Sources */ = {isa = PBXBuildFile; fileRef = 6739D84D2D83A5A4009CAEE4 /* IsolatedAreasStrategy.swift */; };
		6739D8942D83A5A4009CAEE4 /* Int+Extensions.swift in Sources */ = {isa = PBXBuildFile; fileRef = 6739D85F2D83A5A4009CAEE4 /* Int+Extensions.swift */; };
		6739D8952D83A5A4009CAEE4 /* Dictionary+Extensions.swift in Sources */ = {isa = PBXBuildFile; fileRef = 6739D85E2D83A5A4009CAEE4 /* Dictionary+Extensions.swift */; };
		6739D8962D83A5A4009CAEE4 /* PathsGraphEdge.swift in Sources */ = {isa = PBXBuildFile; fileRef = 6739D8642D83A5A4009CAEE4 /* PathsGraphEdge.swift */; };
		6739D8972D83A5A4009CAEE4 /* NodeSuperposition.swift in Sources */ = {isa = PBXBuildFile; fileRef = 6739D86E2D83A5A4009CAEE4 /* NodeSuperposition.swift */; };
		6739D8982D83A5A4009CAEE4 /* Deadend.swift in Sources */ = {isa = PBXBuildFile; fileRef = 6739D8532D83A5A4009CAEE4 /* Deadend.swift */; };
		6739D8992D83A5A4009CAEE4 /* RandomMergeIsolatedAreasStrategy.swift in Sources */ = {isa = PBXBuildFile; fileRef = 6739D84E2D83A5A4009CAEE4 /* RandomMergeIsolatedAreasStrategy.swift */; };
		6739D89A2D83A5A4009CAEE4 /* SquareFieldPrinter.swift in Sources */ = {isa = PBXBuildFile; fileRef = 6739D87F2D83A5A4009CAEE4 /* SquareFieldPrinter.swift */; };
		6739D89B2D83A5A4009CAEE4 /* ElementRestirction.swift in Sources */ = {isa = PBXBuildFile; fileRef = 6739D8692D83A5A4009CAEE4 /* ElementRestirction.swift */; };
		6739D89C2D83A5A4009CAEE4 /* FieldAnalyzer.swift in Sources */ = {isa = PBXBuildFile; fileRef = 6739D8822D83A5A4009CAEE4 /* FieldAnalyzer.swift */; };
		6739D89D2D83A5A4009CAEE4 /* Collection+Extensions.swift in Sources */ = {isa = PBXBuildFile; fileRef = 6739D85D2D83A5A4009CAEE4 /* Collection+Extensions.swift */; };
		6739D89E2D83A5A4009CAEE4 /* Junction.swift in Sources */ = {isa = PBXBuildFile; fileRef = 6739D8542D83A5A4009CAEE4 /* Junction.swift */; };
		6739D89F2D83A5A4009CAEE4 /* LabyrinthElement.swift in Sources */ = {isa = PBXBuildFile; fileRef = 6739D8592D83A5A4009CAEE4 /* LabyrinthElement.swift */; };
		6739D8A02D83A5A4009CAEE4 /* Field.swift in Sources */ = {isa = PBXBuildFile; fileRef = 6739D8762D83A5A4009CAEE4 /* Field.swift */; };
		6739D8A12D83A5A4009CAEE4 /* PathsGraphVertex.swift in Sources */ = {isa = PBXBuildFile; fileRef = 6739D8672D83A5A4009CAEE4 /* PathsGraphVertex.swift */; };
		6739D8A22D83A5A4009CAEE4 /* ZeroRepresentable.swift in Sources */ = {isa = PBXBuildFile; fileRef = 6739D8802D83A5A4009CAEE4 /* ZeroRepresentable.swift */; };
		6739D8A32D83A5A4009CAEE4 /* PathsGraphPath.swift in Sources */ = {isa = PBXBuildFile; fileRef = 6739D8662D83A5A4009CAEE4 /* PathsGraphPath.swift */; };
		6739D8A42D83A5A4009CAEE4 /* SquareField.swift in Sources */ = {isa = PBXBuildFile; fileRef = 6739D8712D83A5A4009CAEE4 /* SquareField.swift */; };
		6739D8A52D83A5A4009CAEE4 /* SquareEdge.swift in Sources */ = {isa = PBXBuildFile; fileRef = 6739D8702D83A5A4009CAEE4 /* SquareEdge.swift */; };
		6739D8A62D83A5A4009CAEE4 /* CornerPath.swift in Sources */ = {isa = PBXBuildFile; fileRef = 6739D8522D83A5A4009CAEE4 /* CornerPath.swift */; };
		6739D8A72D83A5A4009CAEE4 /* UndefinedElement.swift in Sources */ = {isa = PBXBuildFile; fileRef = 6739D85A2D83A5A4009CAEE4 /* UndefinedElement.swift */; };
		6739D8A82D83A5A4009CAEE4 /* PathsGraphArea.swift in Sources */ = {isa = PBXBuildFile; fileRef = 6739D8632D83A5A4009CAEE4 /* PathsGraphArea.swift */; };
		6739D8A92D83A5A4009CAEE4 /* Topology.swift in Sources */ = {isa = PBXBuildFile; fileRef = 6739D8772D83A5A4009CAEE4 /* Topology.swift */; };
		6739D8AA2D83A5A4009CAEE4 /* SquarePoint.swift in Sources */ = {isa = PBXBuildFile; fileRef = 6739D8722D83A5A4009CAEE4 /* SquarePoint.swift */; };
		6739D8AB2D83A5A4009CAEE4 /* GeneratorConfiguration.swift in Sources */ = {isa = PBXBuildFile; fileRef = 6739D8502D83A5A4009CAEE4 /* GeneratorConfiguration.swift */; };
		6739D8AC2D83A5A4009CAEE4 /* Solid.swift in Sources */ = {isa = PBXBuildFile; fileRef = 6739D8552D83A5A4009CAEE4 /* Solid.swift */; };
		6739D8AD2D83A5A4009CAEE4 /* StraightPath.swift in Sources */ = {isa = PBXBuildFile; fileRef = 6739D8562D83A5A4009CAEE4 /* StraightPath.swift */; };
		6739D8AE2D83A5A4009CAEE4 /* ElementSuperposition.swift in Sources */ = {isa = PBXBuildFile; fileRef = 6739D86D2D83A5A4009CAEE4 /* ElementSuperposition.swift */; };
		6739D8AF2D83A5A4009CAEE4 /* EdgeBasedElement.swift in Sources */ = {isa = PBXBuildFile; fileRef = 6739D8582D83A5A4009CAEE4 /* EdgeBasedElement.swift */; };
		6739D8B02D83A5A4009CAEE4 /* SLLabyrinthGenerator.swift in Sources */ = {isa = PBXBuildFile; fileRef = 6739D8832D83A5A4009CAEE4 /* SLLabyrinthGenerator.swift */; };
		6739D8B12D83A5A4009CAEE4 /* Cacheable.swift in Sources */ = {isa = PBXBuildFile; fileRef = 6739D87D2D83A5A4009CAEE4 /* Cacheable.swift */; };
		6739D8B32D85B7F8009CAEE4 /* AreasGraph.swift in Sources */ = {isa = PBXBuildFile; fileRef = 6739D8B22D85B7F8009CAEE4 /* AreasGraph.swift */; };
		6739D8B52D85B95E009CAEE4 /* AreasGraphEdge.swift in Sources */ = {isa = PBXBuildFile; fileRef = 6739D8B42D85B95E009CAEE4 /* AreasGraphEdge.swift */; };
		6739D8B72D85BA96009CAEE4 /* Graph.swift in Sources */ = {isa = PBXBuildFile; fileRef = 6739D8B62D85BA96009CAEE4 /* Graph.swift */; };
		6739D8B92D85C9FC009CAEE4 /* AreasGraphPath.swift in Sources */ = {isa = PBXBuildFile; fileRef = 6739D8B82D85C9FC009CAEE4 /* AreasGraphPath.swift */; };
		6739D8BB2D85CA20009CAEE4 /* GraphPath.swift in Sources */ = {isa = PBXBuildFile; fileRef = 6739D8BA2D85CA20009CAEE4 /* GraphPath.swift */; };
		6739D8BE2D88EE2D009CAEE4 /* CycledAreasStrategy.swift in Sources */ = {isa = PBXBuildFile; fileRef = 6739D8BD2D88EE2D009CAEE4 /* CycledAreasStrategy.swift */; };
		6739D8C02D88EEDE009CAEE4 /* MinLengthCycledAreasStrategy.swift in Sources */ = {isa = PBXBuildFile; fileRef = 6739D8BF2D88EEDE009CAEE4 /* MinLengthCycledAreasStrategy.swift */; };
		67E6867A2D8AF56400E30A18 /* MinEntropyContainer.swift in Sources */ = {isa = PBXBuildFile; fileRef = 67E686792D8AF56400E30A18 /* MinEntropyContainer.swift */; };
		67E6867C2D8B330F00E30A18 /* ElementsWeightsContainer.swift in Sources */ = {isa = PBXBuildFile; fileRef = 67E6867B2D8B330F00E30A18 /* ElementsWeightsContainer.swift */; };
		67E6867E2D8B357D00E30A18 /* RandomPicker.swift in Sources */ = {isa = PBXBuildFile; fileRef = 67E6867D2D8B357D00E30A18 /* RandomPicker.swift */; };
		67E686802D8B456100E30A18 /* WeightableSuperposition.swift in Sources */ = {isa = PBXBuildFile; fileRef = 67E6867F2D8B456100E30A18 /* WeightableSuperposition.swift */; };
		67E686822D8B8A4400E30A18 /* OneWayHolder.swift in Sources */ = {isa = PBXBuildFile; fileRef = 67E686812D8B8A4400E30A18 /* OneWayHolder.swift */; };
		67E686842D8B95F500E30A18 /* BinomialCoefficient.swift in Sources */ = {isa = PBXBuildFile; fileRef = 67E686832D8B95F500E30A18 /* BinomialCoefficient.swift */; };
		67E6868A2D8BA75C00E30A18 /* IdHashable.swift in Sources */ = {isa = PBXBuildFile; fileRef = 67E686892D8BA75C00E30A18 /* IdHashable.swift */; };
/* End PBXBuildFile section */

/* Begin PBXContainerItemProxy section */
		6754B54A2D7A91DD0023C62F /* PBXContainerItemProxy */ = {
			isa = PBXContainerItemProxy;
			containerPortal = 6754B5302D7A91DA0023C62F /* Project object */;
			proxyType = 1;
			remoteGlobalIDString = 6754B5372D7A91DA0023C62F;
			remoteInfo = SLLabyrinthIOS;
		};
		6754B5542D7A91DD0023C62F /* PBXContainerItemProxy */ = {
			isa = PBXContainerItemProxy;
			containerPortal = 6754B5302D7A91DA0023C62F /* Project object */;
			proxyType = 1;
			remoteGlobalIDString = 6754B5372D7A91DA0023C62F;
			remoteInfo = SLLabyrinthIOS;
		};
/* End PBXContainerItemProxy section */

/* Begin PBXFileReference section */
		6739D84D2D83A5A4009CAEE4 /* IsolatedAreasStrategy.swift */ = {isa = PBXFileReference; lastKnownFileType = sourcecode.swift; path = IsolatedAreasStrategy.swift; sourceTree = "<group>"; };
		6739D84E2D83A5A4009CAEE4 /* RandomMergeIsolatedAreasStrategy.swift */ = {isa = PBXFileReference; lastKnownFileType = sourcecode.swift; path = RandomMergeIsolatedAreasStrategy.swift; sourceTree = "<group>"; };
		6739D8502D83A5A4009CAEE4 /* GeneratorConfiguration.swift */ = {isa = PBXFileReference; lastKnownFileType = sourcecode.swift; path = GeneratorConfiguration.swift; sourceTree = "<group>"; };
		6739D8522D83A5A4009CAEE4 /* CornerPath.swift */ = {isa = PBXFileReference; lastKnownFileType = sourcecode.swift; path = CornerPath.swift; sourceTree = "<group>"; };
		6739D8532D83A5A4009CAEE4 /* Deadend.swift */ = {isa = PBXFileReference; lastKnownFileType = sourcecode.swift; path = Deadend.swift; sourceTree = "<group>"; };
		6739D8542D83A5A4009CAEE4 /* Junction.swift */ = {isa = PBXFileReference; lastKnownFileType = sourcecode.swift; path = Junction.swift; sourceTree = "<group>"; };
		6739D8552D83A5A4009CAEE4 /* Solid.swift */ = {isa = PBXFileReference; lastKnownFileType = sourcecode.swift; path = Solid.swift; sourceTree = "<group>"; };
		6739D8562D83A5A4009CAEE4 /* StraightPath.swift */ = {isa = PBXFileReference; lastKnownFileType = sourcecode.swift; path = StraightPath.swift; sourceTree = "<group>"; };
		6739D8582D83A5A4009CAEE4 /* EdgeBasedElement.swift */ = {isa = PBXFileReference; lastKnownFileType = sourcecode.swift; path = EdgeBasedElement.swift; sourceTree = "<group>"; };
		6739D8592D83A5A4009CAEE4 /* LabyrinthElement.swift */ = {isa = PBXFileReference; lastKnownFileType = sourcecode.swift; path = LabyrinthElement.swift; sourceTree = "<group>"; };
		6739D85A2D83A5A4009CAEE4 /* UndefinedElement.swift */ = {isa = PBXFileReference; lastKnownFileType = sourcecode.swift; path = UndefinedElement.swift; sourceTree = "<group>"; };
		6739D85C2D83A5A4009CAEE4 /* Array+Extensions.swift */ = {isa = PBXFileReference; lastKnownFileType = sourcecode.swift; path = "Array+Extensions.swift"; sourceTree = "<group>"; };
		6739D85D2D83A5A4009CAEE4 /* Collection+Extensions.swift */ = {isa = PBXFileReference; lastKnownFileType = sourcecode.swift; path = "Collection+Extensions.swift"; sourceTree = "<group>"; };
		6739D85E2D83A5A4009CAEE4 /* Dictionary+Extensions.swift */ = {isa = PBXFileReference; lastKnownFileType = sourcecode.swift; path = "Dictionary+Extensions.swift"; sourceTree = "<group>"; };
		6739D85F2D83A5A4009CAEE4 /* Int+Extensions.swift */ = {isa = PBXFileReference; lastKnownFileType = sourcecode.swift; path = "Int+Extensions.swift"; sourceTree = "<group>"; };
		6739D8602D83A5A4009CAEE4 /* Set+Extensions.swift */ = {isa = PBXFileReference; lastKnownFileType = sourcecode.swift; path = "Set+Extensions.swift"; sourceTree = "<group>"; };
		6739D8622D83A5A4009CAEE4 /* PathsGraph.swift */ = {isa = PBXFileReference; lastKnownFileType = sourcecode.swift; path = PathsGraph.swift; sourceTree = "<group>"; };
		6739D8632D83A5A4009CAEE4 /* PathsGraphArea.swift */ = {isa = PBXFileReference; lastKnownFileType = sourcecode.swift; path = PathsGraphArea.swift; sourceTree = "<group>"; };
		6739D8642D83A5A4009CAEE4 /* PathsGraphEdge.swift */ = {isa = PBXFileReference; lastKnownFileType = sourcecode.swift; path = PathsGraphEdge.swift; sourceTree = "<group>"; };
		6739D8652D83A5A4009CAEE4 /* PathsGraphPatch.swift */ = {isa = PBXFileReference; lastKnownFileType = sourcecode.swift; path = PathsGraphPatch.swift; sourceTree = "<group>"; };
		6739D8662D83A5A4009CAEE4 /* PathsGraphPath.swift */ = {isa = PBXFileReference; lastKnownFileType = sourcecode.swift; path = PathsGraphPath.swift; sourceTree = "<group>"; };
		6739D8672D83A5A4009CAEE4 /* PathsGraphVertex.swift */ = {isa = PBXFileReference; lastKnownFileType = sourcecode.swift; path = PathsGraphVertex.swift; sourceTree = "<group>"; };
		6739D8692D83A5A4009CAEE4 /* ElementRestirction.swift */ = {isa = PBXFileReference; lastKnownFileType = sourcecode.swift; path = ElementRestirction.swift; sourceTree = "<group>"; };
		6739D86A2D83A5A4009CAEE4 /* NodeRestriction.swift */ = {isa = PBXFileReference; lastKnownFileType = sourcecode.swift; path = NodeRestriction.swift; sourceTree = "<group>"; };
		6739D86B2D83A5A4009CAEE4 /* SuperpositionRestriction.swift */ = {isa = PBXFileReference; lastKnownFileType = sourcecode.swift; path = SuperpositionRestriction.swift; sourceTree = "<group>"; };
		6739D86D2D83A5A4009CAEE4 /* ElementSuperposition.swift */ = {isa = PBXFileReference; lastKnownFileType = sourcecode.swift; path = ElementSuperposition.swift; sourceTree = "<group>"; };
		6739D86E2D83A5A4009CAEE4 /* NodeSuperposition.swift */ = {isa = PBXFileReference; lastKnownFileType = sourcecode.swift; path = NodeSuperposition.swift; sourceTree = "<group>"; };
		6739D8702D83A5A4009CAEE4 /* SquareEdge.swift */ = {isa = PBXFileReference; lastKnownFileType = sourcecode.swift; path = SquareEdge.swift; sourceTree = "<group>"; };
		6739D8712D83A5A4009CAEE4 /* SquareField.swift */ = {isa = PBXFileReference; lastKnownFileType = sourcecode.swift; path = SquareField.swift; sourceTree = "<group>"; };
		6739D8722D83A5A4009CAEE4 /* SquarePoint.swift */ = {isa = PBXFileReference; lastKnownFileType = sourcecode.swift; path = SquarePoint.swift; sourceTree = "<group>"; };
		6739D8732D83A5A4009CAEE4 /* SquareTopology.swift */ = {isa = PBXFileReference; lastKnownFileType = sourcecode.swift; path = SquareTopology.swift; sourceTree = "<group>"; };
		6739D8752D83A5A4009CAEE4 /* DictionaryBasedField.swift */ = {isa = PBXFileReference; lastKnownFileType = sourcecode.swift; path = DictionaryBasedField.swift; sourceTree = "<group>"; };
		6739D8762D83A5A4009CAEE4 /* Field.swift */ = {isa = PBXFileReference; lastKnownFileType = sourcecode.swift; path = Field.swift; sourceTree = "<group>"; };
		6739D8772D83A5A4009CAEE4 /* Topology.swift */ = {isa = PBXFileReference; lastKnownFileType = sourcecode.swift; path = Topology.swift; sourceTree = "<group>"; };
		6739D8792D83A5A4009CAEE4 /* TimeLog.swift */ = {isa = PBXFileReference; lastKnownFileType = sourcecode.swift; path = TimeLog.swift; sourceTree = "<group>"; };
		6739D87A2D83A5A4009CAEE4 /* TimeLogNode.swift */ = {isa = PBXFileReference; lastKnownFileType = sourcecode.swift; path = TimeLogNode.swift; sourceTree = "<group>"; };
		6739D87B2D83A5A4009CAEE4 /* TimeProfiler.swift */ = {isa = PBXFileReference; lastKnownFileType = sourcecode.swift; path = TimeProfiler.swift; sourceTree = "<group>"; };
		6739D87D2D83A5A4009CAEE4 /* Cacheable.swift */ = {isa = PBXFileReference; lastKnownFileType = sourcecode.swift; path = Cacheable.swift; sourceTree = "<group>"; };
		6739D87E2D83A5A4009CAEE4 /* IdEquatable.swift */ = {isa = PBXFileReference; lastKnownFileType = sourcecode.swift; path = IdEquatable.swift; sourceTree = "<group>"; };
		6739D87F2D83A5A4009CAEE4 /* SquareFieldPrinter.swift */ = {isa = PBXFileReference; lastKnownFileType = sourcecode.swift; path = SquareFieldPrinter.swift; sourceTree = "<group>"; };
		6739D8802D83A5A4009CAEE4 /* ZeroRepresentable.swift */ = {isa = PBXFileReference; lastKnownFileType = sourcecode.swift; path = ZeroRepresentable.swift; sourceTree = "<group>"; };
		6739D8822D83A5A4009CAEE4 /* FieldAnalyzer.swift */ = {isa = PBXFileReference; lastKnownFileType = sourcecode.swift; path = FieldAnalyzer.swift; sourceTree = "<group>"; };
		6739D8832D83A5A4009CAEE4 /* SLLabyrinthGenerator.swift */ = {isa = PBXFileReference; lastKnownFileType = sourcecode.swift; path = SLLabyrinthGenerator.swift; sourceTree = "<group>"; };
		6739D8842D83A5A4009CAEE4 /* SuperpositionsProvider.swift */ = {isa = PBXFileReference; lastKnownFileType = sourcecode.swift; path = SuperpositionsProvider.swift; sourceTree = "<group>"; };
		6739D8B22D85B7F8009CAEE4 /* AreasGraph.swift */ = {isa = PBXFileReference; lastKnownFileType = sourcecode.swift; path = AreasGraph.swift; sourceTree = "<group>"; };
		6739D8B42D85B95E009CAEE4 /* AreasGraphEdge.swift */ = {isa = PBXFileReference; lastKnownFileType = sourcecode.swift; path = AreasGraphEdge.swift; sourceTree = "<group>"; };
		6739D8B62D85BA96009CAEE4 /* Graph.swift */ = {isa = PBXFileReference; lastKnownFileType = sourcecode.swift; path = Graph.swift; sourceTree = "<group>"; };
		6739D8B82D85C9FC009CAEE4 /* AreasGraphPath.swift */ = {isa = PBXFileReference; lastKnownFileType = sourcecode.swift; path = AreasGraphPath.swift; sourceTree = "<group>"; };
		6739D8BA2D85CA20009CAEE4 /* GraphPath.swift */ = {isa = PBXFileReference; lastKnownFileType = sourcecode.swift; path = GraphPath.swift; sourceTree = "<group>"; };
		6739D8BD2D88EE2D009CAEE4 /* CycledAreasStrategy.swift */ = {isa = PBXFileReference; lastKnownFileType = sourcecode.swift; path = CycledAreasStrategy.swift; sourceTree = "<group>"; };
		6739D8BF2D88EEDE009CAEE4 /* MinLengthCycledAreasStrategy.swift */ = {isa = PBXFileReference; lastKnownFileType = sourcecode.swift; path = MinLengthCycledAreasStrategy.swift; sourceTree = "<group>"; };
		6754B5382D7A91DA0023C62F /* SLLabyrinthIOS.app */ = {isa = PBXFileReference; explicitFileType = wrapper.application; includeInIndex = 0; path = SLLabyrinthIOS.app; sourceTree = BUILT_PRODUCTS_DIR; };
		6754B5492D7A91DD0023C62F /* SLLabyrinthIOSTests.xctest */ = {isa = PBXFileReference; explicitFileType = wrapper.cfbundle; includeInIndex = 0; path = SLLabyrinthIOSTests.xctest; sourceTree = BUILT_PRODUCTS_DIR; };
		6754B5532D7A91DD0023C62F /* SLLabyrinthIOSUITests.xctest */ = {isa = PBXFileReference; explicitFileType = wrapper.cfbundle; includeInIndex = 0; path = SLLabyrinthIOSUITests.xctest; sourceTree = BUILT_PRODUCTS_DIR; };
		67E686792D8AF56400E30A18 /* MinEntropyContainer.swift */ = {isa = PBXFileReference; lastKnownFileType = sourcecode.swift; path = MinEntropyContainer.swift; sourceTree = "<group>"; };
		67E6867B2D8B330F00E30A18 /* ElementsWeightsContainer.swift */ = {isa = PBXFileReference; lastKnownFileType = sourcecode.swift; path = ElementsWeightsContainer.swift; sourceTree = "<group>"; };
		67E6867D2D8B357D00E30A18 /* RandomPicker.swift */ = {isa = PBXFileReference; lastKnownFileType = sourcecode.swift; path = RandomPicker.swift; sourceTree = "<group>"; };
		67E6867F2D8B456100E30A18 /* WeightableSuperposition.swift */ = {isa = PBXFileReference; lastKnownFileType = sourcecode.swift; path = WeightableSuperposition.swift; sourceTree = "<group>"; };
		67E686812D8B8A4400E30A18 /* OneWayHolder.swift */ = {isa = PBXFileReference; lastKnownFileType = sourcecode.swift; path = OneWayHolder.swift; sourceTree = "<group>"; };
		67E686832D8B95F500E30A18 /* BinomialCoefficient.swift */ = {isa = PBXFileReference; lastKnownFileType = sourcecode.swift; path = BinomialCoefficient.swift; sourceTree = "<group>"; };
		67E686892D8BA75C00E30A18 /* IdHashable.swift */ = {isa = PBXFileReference; lastKnownFileType = sourcecode.swift; path = IdHashable.swift; sourceTree = "<group>"; };
/* End PBXFileReference section */

/* Begin PBXFileSystemSynchronizedRootGroup section */
		6754B53A2D7A91DA0023C62F /* SLLabyrinthIOS */ = {
			isa = PBXFileSystemSynchronizedRootGroup;
			path = SLLabyrinthIOS;
			sourceTree = "<group>";
		};
		6754B54C2D7A91DD0023C62F /* SLLabyrinthIOSTests */ = {
			isa = PBXFileSystemSynchronizedRootGroup;
			path = SLLabyrinthIOSTests;
			sourceTree = "<group>";
		};
		6754B5562D7A91DD0023C62F /* SLLabyrinthIOSUITests */ = {
			isa = PBXFileSystemSynchronizedRootGroup;
			path = SLLabyrinthIOSUITests;
			sourceTree = "<group>";
		};
/* End PBXFileSystemSynchronizedRootGroup section */

/* Begin PBXFrameworksBuildPhase section */
		6754B5352D7A91DA0023C62F /* Frameworks */ = {
			isa = PBXFrameworksBuildPhase;
			buildActionMask = 2147483647;
			files = (
			);
			runOnlyForDeploymentPostprocessing = 0;
		};
		6754B5462D7A91DD0023C62F /* Frameworks */ = {
			isa = PBXFrameworksBuildPhase;
			buildActionMask = 2147483647;
			files = (
			);
			runOnlyForDeploymentPostprocessing = 0;
		};
		6754B5502D7A91DD0023C62F /* Frameworks */ = {
			isa = PBXFrameworksBuildPhase;
			buildActionMask = 2147483647;
			files = (
			);
			runOnlyForDeploymentPostprocessing = 0;
		};
/* End PBXFrameworksBuildPhase section */

/* Begin PBXGroup section */
		6739D84F2D83A5A4009CAEE4 /* IsolatedAreasStrategy */ = {
			isa = PBXGroup;
			children = (
				6739D84D2D83A5A4009CAEE4 /* IsolatedAreasStrategy.swift */,
				6739D84E2D83A5A4009CAEE4 /* RandomMergeIsolatedAreasStrategy.swift */,
			);
			path = IsolatedAreasStrategy;
			sourceTree = "<group>";
		};
		6739D8512D83A5A4009CAEE4 /* Configuration */ = {
			isa = PBXGroup;
			children = (
				6739D8BC2D88EE17009CAEE4 /* CycledAreasStrategy */,
				6739D84F2D83A5A4009CAEE4 /* IsolatedAreasStrategy */,
				6739D8502D83A5A4009CAEE4 /* GeneratorConfiguration.swift */,
				67E6867B2D8B330F00E30A18 /* ElementsWeightsContainer.swift */,
			);
			path = Configuration;
			sourceTree = "<group>";
		};
		6739D8572D83A5A4009CAEE4 /* Concrete */ = {
			isa = PBXGroup;
			children = (
				6739D8522D83A5A4009CAEE4 /* CornerPath.swift */,
				6739D8532D83A5A4009CAEE4 /* Deadend.swift */,
				6739D8542D83A5A4009CAEE4 /* Junction.swift */,
				6739D8552D83A5A4009CAEE4 /* Solid.swift */,
				6739D8562D83A5A4009CAEE4 /* StraightPath.swift */,
				67E686812D8B8A4400E30A18 /* OneWayHolder.swift */,
			);
			path = Concrete;
			sourceTree = "<group>";
		};
		6739D85B2D83A5A4009CAEE4 /* Elements */ = {
			isa = PBXGroup;
			children = (
				6739D8572D83A5A4009CAEE4 /* Concrete */,
				6739D8582D83A5A4009CAEE4 /* EdgeBasedElement.swift */,
				6739D8592D83A5A4009CAEE4 /* LabyrinthElement.swift */,
				6739D85A2D83A5A4009CAEE4 /* UndefinedElement.swift */,
			);
			path = Elements;
			sourceTree = "<group>";
		};
		6739D8612D83A5A4009CAEE4 /* Extensions */ = {
			isa = PBXGroup;
			children = (
				6739D85C2D83A5A4009CAEE4 /* Array+Extensions.swift */,
				6739D85D2D83A5A4009CAEE4 /* Collection+Extensions.swift */,
				6739D85E2D83A5A4009CAEE4 /* Dictionary+Extensions.swift */,
				6739D85F2D83A5A4009CAEE4 /* Int+Extensions.swift */,
				6739D8602D83A5A4009CAEE4 /* Set+Extensions.swift */,
			);
			path = Extensions;
			sourceTree = "<group>";
		};
		6739D8682D83A5A4009CAEE4 /* PathsGraph */ = {
			isa = PBXGroup;
			children = (
				6739D8622D83A5A4009CAEE4 /* PathsGraph.swift */,
				6739D8632D83A5A4009CAEE4 /* PathsGraphArea.swift */,
				6739D8642D83A5A4009CAEE4 /* PathsGraphEdge.swift */,
				6739D8652D83A5A4009CAEE4 /* PathsGraphPatch.swift */,
				6739D8662D83A5A4009CAEE4 /* PathsGraphPath.swift */,
				6739D8672D83A5A4009CAEE4 /* PathsGraphVertex.swift */,
				6739D8B22D85B7F8009CAEE4 /* AreasGraph.swift */,
				6739D8B82D85C9FC009CAEE4 /* AreasGraphPath.swift */,
				6739D8B42D85B95E009CAEE4 /* AreasGraphEdge.swift */,
				6739D8B62D85BA96009CAEE4 /* Graph.swift */,
				6739D8BA2D85CA20009CAEE4 /* GraphPath.swift */,
			);
			path = PathsGraph;
			sourceTree = "<group>";
		};
		6739D86C2D83A5A4009CAEE4 /* Restrictions */ = {
			isa = PBXGroup;
			children = (
				6739D8692D83A5A4009CAEE4 /* ElementRestirction.swift */,
				6739D86A2D83A5A4009CAEE4 /* NodeRestriction.swift */,
				6739D86B2D83A5A4009CAEE4 /* SuperpositionRestriction.swift */,
			);
			path = Restrictions;
			sourceTree = "<group>";
		};
		6739D86F2D83A5A4009CAEE4 /* Superpositions */ = {
			isa = PBXGroup;
			children = (
				6739D86C2D83A5A4009CAEE4 /* Restrictions */,
				6739D86D2D83A5A4009CAEE4 /* ElementSuperposition.swift */,
				6739D86E2D83A5A4009CAEE4 /* NodeSuperposition.swift */,
				67E686792D8AF56400E30A18 /* MinEntropyContainer.swift */,
				67E6867F2D8B456100E30A18 /* WeightableSuperposition.swift */,
			);
			path = Superpositions;
			sourceTree = "<group>";
		};
		6739D8742D83A5A4009CAEE4 /* Square */ = {
			isa = PBXGroup;
			children = (
				6739D8702D83A5A4009CAEE4 /* SquareEdge.swift */,
				6739D8712D83A5A4009CAEE4 /* SquareField.swift */,
				6739D8722D83A5A4009CAEE4 /* SquarePoint.swift */,
				6739D8732D83A5A4009CAEE4 /* SquareTopology.swift */,
			);
			path = Square;
			sourceTree = "<group>";
		};
		6739D8782D83A5A4009CAEE4 /* Topology */ = {
			isa = PBXGroup;
			children = (
				6739D8742D83A5A4009CAEE4 /* Square */,
				6739D8752D83A5A4009CAEE4 /* DictionaryBasedField.swift */,
				6739D8762D83A5A4009CAEE4 /* Field.swift */,
				6739D8772D83A5A4009CAEE4 /* Topology.swift */,
			);
			path = Topology;
			sourceTree = "<group>";
		};
		6739D87C2D83A5A4009CAEE4 /* TimeProfiler */ = {
			isa = PBXGroup;
			children = (
				6739D8792D83A5A4009CAEE4 /* TimeLog.swift */,
				6739D87A2D83A5A4009CAEE4 /* TimeLogNode.swift */,
				6739D87B2D83A5A4009CAEE4 /* TimeProfiler.swift */,
			);
			path = TimeProfiler;
			sourceTree = "<group>";
		};
		6739D8812D83A5A4009CAEE4 /* Utils */ = {
			isa = PBXGroup;
			children = (
				6739D87C2D83A5A4009CAEE4 /* TimeProfiler */,
				6739D87D2D83A5A4009CAEE4 /* Cacheable.swift */,
				6739D87E2D83A5A4009CAEE4 /* IdEquatable.swift */,
				67E686892D8BA75C00E30A18 /* IdHashable.swift */,
				6739D87F2D83A5A4009CAEE4 /* SquareFieldPrinter.swift */,
				6739D8802D83A5A4009CAEE4 /* ZeroRepresentable.swift */,
				67E6867D2D8B357D00E30A18 /* RandomPicker.swift */,
				67E686832D8B95F500E30A18 /* BinomialCoefficient.swift */,
			);
			path = Utils;
			sourceTree = "<group>";
		};
		6739D8852D83A5A4009CAEE4 /* SLLabyrinthGenerator */ = {
			isa = PBXGroup;
			children = (
				6739D8512D83A5A4009CAEE4 /* Configuration */,
				6739D85B2D83A5A4009CAEE4 /* Elements */,
				6739D8612D83A5A4009CAEE4 /* Extensions */,
				6739D8682D83A5A4009CAEE4 /* PathsGraph */,
				6739D86F2D83A5A4009CAEE4 /* Superpositions */,
				6739D8782D83A5A4009CAEE4 /* Topology */,
				6739D8812D83A5A4009CAEE4 /* Utils */,
				6739D8822D83A5A4009CAEE4 /* FieldAnalyzer.swift */,
				6739D8832D83A5A4009CAEE4 /* SLLabyrinthGenerator.swift */,
				6739D8842D83A5A4009CAEE4 /* SuperpositionsProvider.swift */,
			);
			name = SLLabyrinthGenerator;
			path = ../Generator/Sources/SLLabyrinthGenerator;
			sourceTree = SOURCE_ROOT;
		};
		6739D8BC2D88EE17009CAEE4 /* CycledAreasStrategy */ = {
			isa = PBXGroup;
			children = (
				6739D8BD2D88EE2D009CAEE4 /* CycledAreasStrategy.swift */,
				6739D8BF2D88EEDE009CAEE4 /* MinLengthCycledAreasStrategy.swift */,
			);
			path = CycledAreasStrategy;
			sourceTree = "<group>";
		};
		6754B52F2D7A91DA0023C62F = {
			isa = PBXGroup;
			children = (
				6739D8852D83A5A4009CAEE4 /* SLLabyrinthGenerator */,
				6754B53A2D7A91DA0023C62F /* SLLabyrinthIOS */,
				6754B54C2D7A91DD0023C62F /* SLLabyrinthIOSTests */,
				6754B5562D7A91DD0023C62F /* SLLabyrinthIOSUITests */,
				6754B5392D7A91DA0023C62F /* Products */,
			);
			sourceTree = "<group>";
		};
		6754B5392D7A91DA0023C62F /* Products */ = {
			isa = PBXGroup;
			children = (
				6754B5382D7A91DA0023C62F /* SLLabyrinthIOS.app */,
				6754B5492D7A91DD0023C62F /* SLLabyrinthIOSTests.xctest */,
				6754B5532D7A91DD0023C62F /* SLLabyrinthIOSUITests.xctest */,
			);
			name = Products;
			sourceTree = "<group>";
		};
/* End PBXGroup section */

/* Begin PBXNativeTarget section */
		6754B5372D7A91DA0023C62F /* SLLabyrinthIOS */ = {
			isa = PBXNativeTarget;
			buildConfigurationList = 6754B55D2D7A91DD0023C62F /* Build configuration list for PBXNativeTarget "SLLabyrinthIOS" */;
			buildPhases = (
				6754B5342D7A91DA0023C62F /* Sources */,
				6754B5352D7A91DA0023C62F /* Frameworks */,
				6754B5362D7A91DA0023C62F /* Resources */,
			);
			buildRules = (
			);
			dependencies = (
			);
			fileSystemSynchronizedGroups = (
				6754B53A2D7A91DA0023C62F /* SLLabyrinthIOS */,
			);
			name = SLLabyrinthIOS;
			packageProductDependencies = (
			);
			productName = SLLabyrinthIOS;
			productReference = 6754B5382D7A91DA0023C62F /* SLLabyrinthIOS.app */;
			productType = "com.apple.product-type.application";
		};
		6754B5482D7A91DD0023C62F /* SLLabyrinthIOSTests */ = {
			isa = PBXNativeTarget;
			buildConfigurationList = 6754B5602D7A91DD0023C62F /* Build configuration list for PBXNativeTarget "SLLabyrinthIOSTests" */;
			buildPhases = (
				6754B5452D7A91DD0023C62F /* Sources */,
				6754B5462D7A91DD0023C62F /* Frameworks */,
				6754B5472D7A91DD0023C62F /* Resources */,
			);
			buildRules = (
			);
			dependencies = (
				6754B54B2D7A91DD0023C62F /* PBXTargetDependency */,
			);
			fileSystemSynchronizedGroups = (
				6754B54C2D7A91DD0023C62F /* SLLabyrinthIOSTests */,
			);
			name = SLLabyrinthIOSTests;
			packageProductDependencies = (
			);
			productName = SLLabyrinthIOSTests;
			productReference = 6754B5492D7A91DD0023C62F /* SLLabyrinthIOSTests.xctest */;
			productType = "com.apple.product-type.bundle.unit-test";
		};
		6754B5522D7A91DD0023C62F /* SLLabyrinthIOSUITests */ = {
			isa = PBXNativeTarget;
			buildConfigurationList = 6754B5632D7A91DD0023C62F /* Build configuration list for PBXNativeTarget "SLLabyrinthIOSUITests" */;
			buildPhases = (
				6754B54F2D7A91DD0023C62F /* Sources */,
				6754B5502D7A91DD0023C62F /* Frameworks */,
				6754B5512D7A91DD0023C62F /* Resources */,
			);
			buildRules = (
			);
			dependencies = (
				6754B5552D7A91DD0023C62F /* PBXTargetDependency */,
			);
			fileSystemSynchronizedGroups = (
				6754B5562D7A91DD0023C62F /* SLLabyrinthIOSUITests */,
			);
			name = SLLabyrinthIOSUITests;
			packageProductDependencies = (
			);
			productName = SLLabyrinthIOSUITests;
			productReference = 6754B5532D7A91DD0023C62F /* SLLabyrinthIOSUITests.xctest */;
			productType = "com.apple.product-type.bundle.ui-testing";
		};
/* End PBXNativeTarget section */

/* Begin PBXProject section */
		6754B5302D7A91DA0023C62F /* Project object */ = {
			isa = PBXProject;
			attributes = {
				BuildIndependentTargetsInParallel = 1;
				LastSwiftUpdateCheck = 1610;
				LastUpgradeCheck = 1610;
				TargetAttributes = {
					6754B5372D7A91DA0023C62F = {
						CreatedOnToolsVersion = 16.1;
					};
					6754B5482D7A91DD0023C62F = {
						CreatedOnToolsVersion = 16.1;
						TestTargetID = 6754B5372D7A91DA0023C62F;
					};
					6754B5522D7A91DD0023C62F = {
						CreatedOnToolsVersion = 16.1;
						TestTargetID = 6754B5372D7A91DA0023C62F;
					};
				};
			};
			buildConfigurationList = 6754B5332D7A91DA0023C62F /* Build configuration list for PBXProject "SLLabyrinthIOS" */;
			developmentRegion = en;
			hasScannedForEncodings = 0;
			knownRegions = (
				en,
				Base,
			);
			mainGroup = 6754B52F2D7A91DA0023C62F;
			minimizedProjectReferenceProxies = 1;
			packageReferences = (
			);
			preferredProjectObjectVersion = 77;
			productRefGroup = 6754B5392D7A91DA0023C62F /* Products */;
			projectDirPath = "";
			projectRoot = "";
			targets = (
				6754B5372D7A91DA0023C62F /* SLLabyrinthIOS */,
				6754B5482D7A91DD0023C62F /* SLLabyrinthIOSTests */,
				6754B5522D7A91DD0023C62F /* SLLabyrinthIOSUITests */,
			);
		};
/* End PBXProject section */

/* Begin PBXResourcesBuildPhase section */
		6754B5362D7A91DA0023C62F /* Resources */ = {
			isa = PBXResourcesBuildPhase;
			buildActionMask = 2147483647;
			files = (
			);
			runOnlyForDeploymentPostprocessing = 0;
		};
		6754B5472D7A91DD0023C62F /* Resources */ = {
			isa = PBXResourcesBuildPhase;
			buildActionMask = 2147483647;
			files = (
			);
			runOnlyForDeploymentPostprocessing = 0;
		};
		6754B5512D7A91DD0023C62F /* Resources */ = {
			isa = PBXResourcesBuildPhase;
			buildActionMask = 2147483647;
			files = (
			);
			runOnlyForDeploymentPostprocessing = 0;
		};
/* End PBXResourcesBuildPhase section */

/* Begin PBXSourcesBuildPhase section */
		6754B5342D7A91DA0023C62F /* Sources */ = {
			isa = PBXSourcesBuildPhase;
			buildActionMask = 2147483647;
			files = (
				6739D8B92D85C9FC009CAEE4 /* AreasGraphPath.swift in Sources */,
				6739D8B72D85BA96009CAEE4 /* Graph.swift in Sources */,
				6739D8862D83A5A4009CAEE4 /* IdEquatable.swift in Sources */,
				6739D8872D83A5A4009CAEE4 /* TimeLog.swift in Sources */,
				6739D8882D83A5A4009CAEE4 /* DictionaryBasedField.swift in Sources */,
				6739D8892D83A5A4009CAEE4 /* PathsGraphPatch.swift in Sources */,
				6739D88A2D83A5A4009CAEE4 /* TimeProfiler.swift in Sources */,
				6739D88B2D83A5A4009CAEE4 /* SuperpositionRestriction.swift in Sources */,
				6739D88C2D83A5A4009CAEE4 /* PathsGraph.swift in Sources */,
				6739D88D2D83A5A4009CAEE4 /* Set+Extensions.swift in Sources */,
				6739D88E2D83A5A4009CAEE4 /* NodeRestriction.swift in Sources */,
				6739D88F2D83A5A4009CAEE4 /* TimeLogNode.swift in Sources */,
				6739D8B52D85B95E009CAEE4 /* AreasGraphEdge.swift in Sources */,
				6739D8902D83A5A4009CAEE4 /* Array+Extensions.swift in Sources */,
				6739D8B32D85B7F8009CAEE4 /* AreasGraph.swift in Sources */,
				6739D8912D83A5A4009CAEE4 /* SuperpositionsProvider.swift in Sources */,
				6739D8922D83A5A4009CAEE4 /* SquareTopology.swift in Sources */,
				6739D8932D83A5A4009CAEE4 /* IsolatedAreasStrategy.swift in Sources */,
				6739D8942D83A5A4009CAEE4 /* Int+Extensions.swift in Sources */,
				6739D8952D83A5A4009CAEE4 /* Dictionary+Extensions.swift in Sources */,
				67E6867C2D8B330F00E30A18 /* ElementsWeightsContainer.swift in Sources */,
				6739D8962D83A5A4009CAEE4 /* PathsGraphEdge.swift in Sources */,
				67E686842D8B95F500E30A18 /* BinomialCoefficient.swift in Sources */,
				67E6867E2D8B357D00E30A18 /* RandomPicker.swift in Sources */,
				6739D8972D83A5A4009CAEE4 /* NodeSuperposition.swift in Sources */,
				6739D8982D83A5A4009CAEE4 /* Deadend.swift in Sources */,
				67E6868A2D8BA75C00E30A18 /* IdHashable.swift in Sources */,
				6739D8992D83A5A4009CAEE4 /* RandomMergeIsolatedAreasStrategy.swift in Sources */,
				6739D89A2D83A5A4009CAEE4 /* SquareFieldPrinter.swift in Sources */,
				6739D89B2D83A5A4009CAEE4 /* ElementRestirction.swift in Sources */,
				67E6867A2D8AF56400E30A18 /* MinEntropyContainer.swift in Sources */,
				6739D89C2D83A5A4009CAEE4 /* FieldAnalyzer.swift in Sources */,
				6739D89D2D83A5A4009CAEE4 /* Collection+Extensions.swift in Sources */,
				6739D89E2D83A5A4009CAEE4 /* Junction.swift in Sources */,
				6739D89F2D83A5A4009CAEE4 /* LabyrinthElement.swift in Sources */,
				67E686802D8B456100E30A18 /* WeightableSuperposition.swift in Sources */,
				6739D8A02D83A5A4009CAEE4 /* Field.swift in Sources */,
				6739D8A12D83A5A4009CAEE4 /* PathsGraphVertex.swift in Sources */,
				6739D8A22D83A5A4009CAEE4 /* ZeroRepresentable.swift in Sources */,
				6739D8A32D83A5A4009CAEE4 /* PathsGraphPath.swift in Sources */,
				6739D8A42D83A5A4009CAEE4 /* SquareField.swift in Sources */,
				6739D8BB2D85CA20009CAEE4 /* GraphPath.swift in Sources */,
				6739D8A52D83A5A4009CAEE4 /* SquareEdge.swift in Sources */,
				6739D8A62D83A5A4009CAEE4 /* CornerPath.swift in Sources */,
				6739D8A72D83A5A4009CAEE4 /* UndefinedElement.swift in Sources */,
				6739D8A82D83A5A4009CAEE4 /* PathsGraphArea.swift in Sources */,
				6739D8A92D83A5A4009CAEE4 /* Topology.swift in Sources */,
				6739D8AA2D83A5A4009CAEE4 /* SquarePoint.swift in Sources */,
				6739D8AB2D83A5A4009CAEE4 /* GeneratorConfiguration.swift in Sources */,
				6739D8AC2D83A5A4009CAEE4 /* Solid.swift in Sources */,
				6739D8AD2D83A5A4009CAEE4 /* StraightPath.swift in Sources */,
				6739D8AE2D83A5A4009CAEE4 /* ElementSuperposition.swift in Sources */,
				6739D8AF2D83A5A4009CAEE4 /* EdgeBasedElement.swift in Sources */,
				67E686822D8B8A4400E30A18 /* OneWayHolder.swift in Sources */,
				6739D8B02D83A5A4009CAEE4 /* SLLabyrinthGenerator.swift in Sources */,
				6739D8B12D83A5A4009CAEE4 /* Cacheable.swift in Sources */,
				6739D8BE2D88EE2D009CAEE4 /* CycledAreasStrategy.swift in Sources */,
				6739D8C02D88EEDE009CAEE4 /* MinLengthCycledAreasStrategy.swift in Sources */,
			);
			runOnlyForDeploymentPostprocessing = 0;
		};
		6754B5452D7A91DD0023C62F /* Sources */ = {
			isa = PBXSourcesBuildPhase;
			buildActionMask = 2147483647;
			files = (
			);
			runOnlyForDeploymentPostprocessing = 0;
		};
		6754B54F2D7A91DD0023C62F /* Sources */ = {
			isa = PBXSourcesBuildPhase;
			buildActionMask = 2147483647;
			files = (
			);
			runOnlyForDeploymentPostprocessing = 0;
		};
/* End PBXSourcesBuildPhase section */

/* Begin PBXTargetDependency section */
		6754B54B2D7A91DD0023C62F /* PBXTargetDependency */ = {
			isa = PBXTargetDependency;
			target = 6754B5372D7A91DA0023C62F /* SLLabyrinthIOS */;
			targetProxy = 6754B54A2D7A91DD0023C62F /* PBXContainerItemProxy */;
		};
		6754B5552D7A91DD0023C62F /* PBXTargetDependency */ = {
			isa = PBXTargetDependency;
			target = 6754B5372D7A91DA0023C62F /* SLLabyrinthIOS */;
			targetProxy = 6754B5542D7A91DD0023C62F /* PBXContainerItemProxy */;
		};
/* End PBXTargetDependency section */

/* Begin XCBuildConfiguration section */
		6754B55B2D7A91DD0023C62F /* Debug */ = {
			isa = XCBuildConfiguration;
			buildSettings = {
				ALWAYS_SEARCH_USER_PATHS = NO;
				ASSETCATALOG_COMPILER_GENERATE_SWIFT_ASSET_SYMBOL_EXTENSIONS = YES;
				CLANG_ANALYZER_NONNULL = YES;
				CLANG_ANALYZER_NUMBER_OBJECT_CONVERSION = YES_AGGRESSIVE;
				CLANG_CXX_LANGUAGE_STANDARD = "gnu++20";
				CLANG_ENABLE_MODULES = YES;
				CLANG_ENABLE_OBJC_ARC = YES;
				CLANG_ENABLE_OBJC_WEAK = YES;
				CLANG_WARN_BLOCK_CAPTURE_AUTORELEASING = YES;
				CLANG_WARN_BOOL_CONVERSION = YES;
				CLANG_WARN_COMMA = YES;
				CLANG_WARN_CONSTANT_CONVERSION = YES;
				CLANG_WARN_DEPRECATED_OBJC_IMPLEMENTATIONS = YES;
				CLANG_WARN_DIRECT_OBJC_ISA_USAGE = YES_ERROR;
				CLANG_WARN_DOCUMENTATION_COMMENTS = YES;
				CLANG_WARN_EMPTY_BODY = YES;
				CLANG_WARN_ENUM_CONVERSION = YES;
				CLANG_WARN_INFINITE_RECURSION = YES;
				CLANG_WARN_INT_CONVERSION = YES;
				CLANG_WARN_NON_LITERAL_NULL_CONVERSION = YES;
				CLANG_WARN_OBJC_IMPLICIT_RETAIN_SELF = YES;
				CLANG_WARN_OBJC_LITERAL_CONVERSION = YES;
				CLANG_WARN_OBJC_ROOT_CLASS = YES_ERROR;
				CLANG_WARN_QUOTED_INCLUDE_IN_FRAMEWORK_HEADER = YES;
				CLANG_WARN_RANGE_LOOP_ANALYSIS = YES;
				CLANG_WARN_STRICT_PROTOTYPES = YES;
				CLANG_WARN_SUSPICIOUS_MOVE = YES;
				CLANG_WARN_UNGUARDED_AVAILABILITY = YES_AGGRESSIVE;
				CLANG_WARN_UNREACHABLE_CODE = YES;
				CLANG_WARN__DUPLICATE_METHOD_MATCH = YES;
				COPY_PHASE_STRIP = NO;
				DEBUG_INFORMATION_FORMAT = dwarf;
				ENABLE_STRICT_OBJC_MSGSEND = YES;
				ENABLE_TESTABILITY = YES;
				ENABLE_USER_SCRIPT_SANDBOXING = YES;
				GCC_C_LANGUAGE_STANDARD = gnu17;
				GCC_DYNAMIC_NO_PIC = NO;
				GCC_NO_COMMON_BLOCKS = YES;
				GCC_OPTIMIZATION_LEVEL = 0;
				GCC_PREPROCESSOR_DEFINITIONS = (
					"DEBUG=1",
					"$(inherited)",
				);
				GCC_WARN_64_TO_32_BIT_CONVERSION = YES;
				GCC_WARN_ABOUT_RETURN_TYPE = YES_ERROR;
				GCC_WARN_UNDECLARED_SELECTOR = YES;
				GCC_WARN_UNINITIALIZED_AUTOS = YES_AGGRESSIVE;
				GCC_WARN_UNUSED_FUNCTION = YES;
				GCC_WARN_UNUSED_VARIABLE = YES;
				LOCALIZATION_PREFERS_STRING_CATALOGS = YES;
				MACOSX_DEPLOYMENT_TARGET = 15.1;
				MTL_ENABLE_DEBUG_INFO = INCLUDE_SOURCE;
				MTL_FAST_MATH = YES;
				ONLY_ACTIVE_ARCH = YES;
				SDKROOT = macosx;
				SWIFT_ACTIVE_COMPILATION_CONDITIONS = "DEBUG $(inherited)";
				SWIFT_OPTIMIZATION_LEVEL = "-Onone";
			};
			name = Debug;
		};
		6754B55C2D7A91DD0023C62F /* Release */ = {
			isa = XCBuildConfiguration;
			buildSettings = {
				ALWAYS_SEARCH_USER_PATHS = NO;
				ASSETCATALOG_COMPILER_GENERATE_SWIFT_ASSET_SYMBOL_EXTENSIONS = YES;
				CLANG_ANALYZER_NONNULL = YES;
				CLANG_ANALYZER_NUMBER_OBJECT_CONVERSION = YES_AGGRESSIVE;
				CLANG_CXX_LANGUAGE_STANDARD = "gnu++20";
				CLANG_ENABLE_MODULES = YES;
				CLANG_ENABLE_OBJC_ARC = YES;
				CLANG_ENABLE_OBJC_WEAK = YES;
				CLANG_WARN_BLOCK_CAPTURE_AUTORELEASING = YES;
				CLANG_WARN_BOOL_CONVERSION = YES;
				CLANG_WARN_COMMA = YES;
				CLANG_WARN_CONSTANT_CONVERSION = YES;
				CLANG_WARN_DEPRECATED_OBJC_IMPLEMENTATIONS = YES;
				CLANG_WARN_DIRECT_OBJC_ISA_USAGE = YES_ERROR;
				CLANG_WARN_DOCUMENTATION_COMMENTS = YES;
				CLANG_WARN_EMPTY_BODY = YES;
				CLANG_WARN_ENUM_CONVERSION = YES;
				CLANG_WARN_INFINITE_RECURSION = YES;
				CLANG_WARN_INT_CONVERSION = YES;
				CLANG_WARN_NON_LITERAL_NULL_CONVERSION = YES;
				CLANG_WARN_OBJC_IMPLICIT_RETAIN_SELF = YES;
				CLANG_WARN_OBJC_LITERAL_CONVERSION = YES;
				CLANG_WARN_OBJC_ROOT_CLASS = YES_ERROR;
				CLANG_WARN_QUOTED_INCLUDE_IN_FRAMEWORK_HEADER = YES;
				CLANG_WARN_RANGE_LOOP_ANALYSIS = YES;
				CLANG_WARN_STRICT_PROTOTYPES = YES;
				CLANG_WARN_SUSPICIOUS_MOVE = YES;
				CLANG_WARN_UNGUARDED_AVAILABILITY = YES_AGGRESSIVE;
				CLANG_WARN_UNREACHABLE_CODE = YES;
				CLANG_WARN__DUPLICATE_METHOD_MATCH = YES;
				COPY_PHASE_STRIP = NO;
				DEBUG_INFORMATION_FORMAT = "dwarf-with-dsym";
				ENABLE_NS_ASSERTIONS = NO;
				ENABLE_STRICT_OBJC_MSGSEND = YES;
				ENABLE_USER_SCRIPT_SANDBOXING = YES;
				GCC_C_LANGUAGE_STANDARD = gnu17;
				GCC_NO_COMMON_BLOCKS = YES;
				GCC_WARN_64_TO_32_BIT_CONVERSION = YES;
				GCC_WARN_ABOUT_RETURN_TYPE = YES_ERROR;
				GCC_WARN_UNDECLARED_SELECTOR = YES;
				GCC_WARN_UNINITIALIZED_AUTOS = YES_AGGRESSIVE;
				GCC_WARN_UNUSED_FUNCTION = YES;
				GCC_WARN_UNUSED_VARIABLE = YES;
				LOCALIZATION_PREFERS_STRING_CATALOGS = YES;
				MACOSX_DEPLOYMENT_TARGET = 15.1;
				MTL_ENABLE_DEBUG_INFO = NO;
				MTL_FAST_MATH = YES;
				SDKROOT = macosx;
				SWIFT_COMPILATION_MODE = wholemodule;
			};
			name = Release;
		};
		6754B55E2D7A91DD0023C62F /* Debug */ = {
			isa = XCBuildConfiguration;
			buildSettings = {
				ASSETCATALOG_COMPILER_APPICON_NAME = AppIcon;
				ASSETCATALOG_COMPILER_GLOBAL_ACCENT_COLOR_NAME = AccentColor;
				CODE_SIGN_ENTITLEMENTS = SLLabyrinthIOS/SLLabyrinthIOS.entitlements;
				CODE_SIGN_STYLE = Automatic;
				COMBINE_HIDPI_IMAGES = YES;
				CURRENT_PROJECT_VERSION = 1;
				DEVELOPMENT_ASSET_PATHS = "\"SLLabyrinthIOS/Preview Content\"";
				ENABLE_PREVIEWS = YES;
				GENERATE_INFOPLIST_FILE = YES;
				INFOPLIST_KEY_NSHumanReadableCopyright = "";
				LD_RUNPATH_SEARCH_PATHS = (
					"$(inherited)",
					"@executable_path/../Frameworks",
				);
				MARKETING_VERSION = 1.0;
				PRODUCT_BUNDLE_IDENTIFIER = com.ssp.SLLabyrinthIOS;
				PRODUCT_NAME = "$(TARGET_NAME)";
				SWIFT_EMIT_LOC_STRINGS = YES;
				SWIFT_VERSION = 5.0;
			};
			name = Debug;
		};
		6754B55F2D7A91DD0023C62F /* Release */ = {
			isa = XCBuildConfiguration;
			buildSettings = {
				ASSETCATALOG_COMPILER_APPICON_NAME = AppIcon;
				ASSETCATALOG_COMPILER_GLOBAL_ACCENT_COLOR_NAME = AccentColor;
				CODE_SIGN_ENTITLEMENTS = SLLabyrinthIOS/SLLabyrinthIOS.entitlements;
				CODE_SIGN_STYLE = Automatic;
				COMBINE_HIDPI_IMAGES = YES;
				CURRENT_PROJECT_VERSION = 1;
				DEVELOPMENT_ASSET_PATHS = "\"SLLabyrinthIOS/Preview Content\"";
				ENABLE_PREVIEWS = YES;
				GENERATE_INFOPLIST_FILE = YES;
				INFOPLIST_KEY_NSHumanReadableCopyright = "";
				LD_RUNPATH_SEARCH_PATHS = (
					"$(inherited)",
					"@executable_path/../Frameworks",
				);
				MARKETING_VERSION = 1.0;
				PRODUCT_BUNDLE_IDENTIFIER = com.ssp.SLLabyrinthIOS;
				PRODUCT_NAME = "$(TARGET_NAME)";
				SWIFT_EMIT_LOC_STRINGS = YES;
				SWIFT_VERSION = 5.0;
			};
			name = Release;
		};
		6754B5612D7A91DD0023C62F /* Debug */ = {
			isa = XCBuildConfiguration;
			buildSettings = {
				BUNDLE_LOADER = "$(TEST_HOST)";
				CODE_SIGN_STYLE = Automatic;
				CURRENT_PROJECT_VERSION = 1;
				GENERATE_INFOPLIST_FILE = YES;
				MACOSX_DEPLOYMENT_TARGET = 15.1;
				MARKETING_VERSION = 1.0;
				PRODUCT_BUNDLE_IDENTIFIER = com.ssp.SLLabyrinthIOSTests;
				PRODUCT_NAME = "$(TARGET_NAME)";
				SWIFT_EMIT_LOC_STRINGS = NO;
				SWIFT_VERSION = 5.0;
				TEST_HOST = "$(BUILT_PRODUCTS_DIR)/SLLabyrinthIOS.app/$(BUNDLE_EXECUTABLE_FOLDER_PATH)/SLLabyrinthIOS";
			};
			name = Debug;
		};
		6754B5622D7A91DD0023C62F /* Release */ = {
			isa = XCBuildConfiguration;
			buildSettings = {
				BUNDLE_LOADER = "$(TEST_HOST)";
				CODE_SIGN_STYLE = Automatic;
				CURRENT_PROJECT_VERSION = 1;
				GENERATE_INFOPLIST_FILE = YES;
				MACOSX_DEPLOYMENT_TARGET = 15.1;
				MARKETING_VERSION = 1.0;
				PRODUCT_BUNDLE_IDENTIFIER = com.ssp.SLLabyrinthIOSTests;
				PRODUCT_NAME = "$(TARGET_NAME)";
				SWIFT_EMIT_LOC_STRINGS = NO;
				SWIFT_VERSION = 5.0;
				TEST_HOST = "$(BUILT_PRODUCTS_DIR)/SLLabyrinthIOS.app/$(BUNDLE_EXECUTABLE_FOLDER_PATH)/SLLabyrinthIOS";
			};
			name = Release;
		};
		6754B5642D7A91DD0023C62F /* Debug */ = {
			isa = XCBuildConfiguration;
			buildSettings = {
				CODE_SIGN_STYLE = Automatic;
				CURRENT_PROJECT_VERSION = 1;
				GENERATE_INFOPLIST_FILE = YES;
				MARKETING_VERSION = 1.0;
				PRODUCT_BUNDLE_IDENTIFIER = com.ssp.SLLabyrinthIOSUITests;
				PRODUCT_NAME = "$(TARGET_NAME)";
				SWIFT_EMIT_LOC_STRINGS = NO;
				SWIFT_VERSION = 5.0;
				TEST_TARGET_NAME = SLLabyrinthIOS;
			};
			name = Debug;
		};
		6754B5652D7A91DD0023C62F /* Release */ = {
			isa = XCBuildConfiguration;
			buildSettings = {
				CODE_SIGN_STYLE = Automatic;
				CURRENT_PROJECT_VERSION = 1;
				GENERATE_INFOPLIST_FILE = YES;
				MARKETING_VERSION = 1.0;
				PRODUCT_BUNDLE_IDENTIFIER = com.ssp.SLLabyrinthIOSUITests;
				PRODUCT_NAME = "$(TARGET_NAME)";
				SWIFT_EMIT_LOC_STRINGS = NO;
				SWIFT_VERSION = 5.0;
				TEST_TARGET_NAME = SLLabyrinthIOS;
			};
			name = Release;
		};
/* End XCBuildConfiguration section */

/* Begin XCConfigurationList section */
		6754B5332D7A91DA0023C62F /* Build configuration list for PBXProject "SLLabyrinthIOS" */ = {
			isa = XCConfigurationList;
			buildConfigurations = (
				6754B55B2D7A91DD0023C62F /* Debug */,
				6754B55C2D7A91DD0023C62F /* Release */,
			);
			defaultConfigurationIsVisible = 0;
			defaultConfigurationName = Release;
		};
		6754B55D2D7A91DD0023C62F /* Build configuration list for PBXNativeTarget "SLLabyrinthIOS" */ = {
			isa = XCConfigurationList;
			buildConfigurations = (
				6754B55E2D7A91DD0023C62F /* Debug */,
				6754B55F2D7A91DD0023C62F /* Release */,
			);
			defaultConfigurationIsVisible = 0;
			defaultConfigurationName = Release;
		};
		6754B5602D7A91DD0023C62F /* Build configuration list for PBXNativeTarget "SLLabyrinthIOSTests" */ = {
			isa = XCConfigurationList;
			buildConfigurations = (
				6754B5612D7A91DD0023C62F /* Debug */,
				6754B5622D7A91DD0023C62F /* Release */,
			);
			defaultConfigurationIsVisible = 0;
			defaultConfigurationName = Release;
		};
		6754B5632D7A91DD0023C62F /* Build configuration list for PBXNativeTarget "SLLabyrinthIOSUITests" */ = {
			isa = XCConfigurationList;
			buildConfigurations = (
				6754B5642D7A91DD0023C62F /* Debug */,
				6754B5652D7A91DD0023C62F /* Release */,
			);
			defaultConfigurationIsVisible = 0;
			defaultConfigurationName = Release;
		};
/* End XCConfigurationList section */
	};
	rootObject = 6754B5302D7A91DA0023C62F /* Project object */;
}
