{
  "originHash" : "ef202103d12fecd63e84eb5eba1fa0cca8013a0358f44d109dccd02fd18cb823",
  "pins" : [
    {
      "identity" : "generator",
      "kind" : "localSourceControl",
      "location" : "/Users/serhii.lomov/Documents/Projects/SLLabyrinth/Generator",
      "state" : {
        "branch" : "master",
        "revision" : "f81fca0f009186abccb8ab4c26f62d9a5128d160"
      }
    }
  ],
  "version" : 3
}
